// !$*UTF8*$!
{
	archiveVersion = 1;
	classes = {
	};
	objectVersion = 46;
	objects = {

/* Begin PBXBuildFile section */
		541285501BA548E700EB4A05 /* GameScene.sks in Resources */ = {isa = PBXBuildFile; fileRef = 5412854F1BA548E700EB4A05 /* GameScene.sks */; };
		5420A5D81BBE7112000F2E14 /* Snail.png in Resources */ = {isa = PBXBuildFile; fileRef = 5420A5D71BBE7112000F2E14 /* Snail.png */; };
		5420A5DE1BBE75AE000F2E14 /* DirectAttack.swift in Sources */ = {isa = PBXBuildFile; fileRef = 5420A5DD1BBE75AE000F2E14 /* DirectAttack.swift */; };
		5420A5E01BBE75C0000F2E14 /* EnemyAction.swift in Sources */ = {isa = PBXBuildFile; fileRef = 5420A5DF1BBE75C0000F2E14 /* EnemyAction.swift */; };
		5420A5E21BBEF1AB000F2E14 /* Event.swift in Sources */ = {isa = PBXBuildFile; fileRef = 5420A5E11BBEF1AB000F2E14 /* Event.swift */; };
		5420A5E41BC01915000F2E14 /* beams.png in Resources */ = {isa = PBXBuildFile; fileRef = 5420A5E31BC01915000F2E14 /* beams.png */; };
		5420A5E91BC04935000F2E14 /* Oval.png in Resources */ = {isa = PBXBuildFile; fileRef = 5420A5E81BC04935000F2E14 /* Oval.png */; };
		5420A5EC1BC05206000F2E14 /* Skill.swift in Sources */ = {isa = PBXBuildFile; fileRef = 5420A5EB1BC05206000F2E14 /* Skill.swift */; };
		5420A6041BC38542000F2E14 /* ActRoundLabel.swift in Sources */ = {isa = PBXBuildFile; fileRef = 5420A6031BC38542000F2E14 /* ActRoundLabel.swift */; };
		5420A6061BC404E0000F2E14 /* ResultUI.swift in Sources */ = {isa = PBXBuildFile; fileRef = 5420A6051BC404E0000F2E14 /* ResultUI.swift */; };
		5420A60D1BC572E5000F2E14 /* crack.png in Resources */ = {isa = PBXBuildFile; fileRef = 5420A60C1BC572E5000F2E14 /* crack.png */; };
		5420A60F1BC589A8000F2E14 /* TextureTools.swift in Sources */ = {isa = PBXBuildFile; fileRef = 5420A60E1BC589A8000F2E14 /* TextureTools.swift */; };
		5420A6111BC6747E000F2E14 /* ButtonUI.swift in Sources */ = {isa = PBXBuildFile; fileRef = 5420A6101BC6747E000F2E14 /* ButtonUI.swift */; };
		5420A6131BC6F322000F2E14 /* Clickable.swift in Sources */ = {isa = PBXBuildFile; fileRef = 5420A6121BC6F322000F2E14 /* Clickable.swift */; };
		5433C31B1BF4F1E300C87116 /* Human.swift in Sources */ = {isa = PBXBuildFile; fileRef = 5433C31A1BF4F1E300C87116 /* Human.swift */; };
		5433C32A1BF4FEBD00C87116 /* building.png in Resources */ = {isa = PBXBuildFile; fileRef = 5433C3281BF4FEBD00C87116 /* building.png */; };
		544B60E71BCA22710064B8AE /* Character.swift in Sources */ = {isa = PBXBuildFile; fileRef = 544B60DC1BCA22710064B8AE /* Character.swift */; };
		544B60E81BCA22710064B8AE /* CharacterManager.swift in Sources */ = {isa = PBXBuildFile; fileRef = 544B60DD1BCA22710064B8AE /* CharacterManager.swift */; };
		544B60E91BCA22710064B8AE /* characters.json in Resources */ = {isa = PBXBuildFile; fileRef = 544B60DE1BCA22710064B8AE /* characters.json */; };
		544B60EA1BCA22710064B8AE /* JSONHelper.swift in Sources */ = {isa = PBXBuildFile; fileRef = 544B60DF1BCA22710064B8AE /* JSONHelper.swift */; };
		544B60EB1BCA22710064B8AE /* MathHelper.swift in Sources */ = {isa = PBXBuildFile; fileRef = 544B60E01BCA22710064B8AE /* MathHelper.swift */; };
		544B60EC1BCA22710064B8AE /* PointerHelper.swift in Sources */ = {isa = PBXBuildFile; fileRef = 544B60E11BCA22710064B8AE /* PointerHelper.swift */; };
		544B60ED1BCA22710064B8AE /* UICharacterButton.swift in Sources */ = {isa = PBXBuildFile; fileRef = 544B60E21BCA22710064B8AE /* UICharacterButton.swift */; };
		544B60EE1BCA22710064B8AE /* UINode.swift in Sources */ = {isa = PBXBuildFile; fileRef = 544B60E31BCA22710064B8AE /* UINode.swift */; };
		544B60F01BCA22710064B8AE /* Wave.swift in Sources */ = {isa = PBXBuildFile; fileRef = 544B60E51BCA22710064B8AE /* Wave.swift */; };
		544B60F11BCA22710064B8AE /* WaveFactory.swift in Sources */ = {isa = PBXBuildFile; fileRef = 544B60E61BCA22710064B8AE /* WaveFactory.swift */; };
		544B60F41BCA4A8E0064B8AE /* UIWaveButton.swift in Sources */ = {isa = PBXBuildFile; fileRef = 544B60F31BCA4A8E0064B8AE /* UIWaveButton.swift */; };
		544F05611BA305CD00AC1BBD /* AppDelegate.swift in Sources */ = {isa = PBXBuildFile; fileRef = 544F05601BA305CD00AC1BBD /* AppDelegate.swift */; };
		544F05651BA305CD00AC1BBD /* GameScene.swift in Sources */ = {isa = PBXBuildFile; fileRef = 544F05641BA305CD00AC1BBD /* GameScene.swift */; };
		544F05671BA305CD00AC1BBD /* GameViewController.swift in Sources */ = {isa = PBXBuildFile; fileRef = 544F05661BA305CD00AC1BBD /* GameViewController.swift */; };
		544F056A1BA305CD00AC1BBD /* Main.storyboard in Resources */ = {isa = PBXBuildFile; fileRef = 544F05681BA305CD00AC1BBD /* Main.storyboard */; };
		544F056C1BA305CD00AC1BBD /* Assets.xcassets in Resources */ = {isa = PBXBuildFile; fileRef = 544F056B1BA305CD00AC1BBD /* Assets.xcassets */; };
		544F056F1BA305CD00AC1BBD /* LaunchScreen.storyboard in Resources */ = {isa = PBXBuildFile; fileRef = 544F056D1BA305CD00AC1BBD /* LaunchScreen.storyboard */; };
		544F057A1BA305CD00AC1BBD /* WaveAttackTests.swift in Sources */ = {isa = PBXBuildFile; fileRef = 544F05791BA305CD00AC1BBD /* WaveAttackTests.swift */; };
		544F05851BA305CD00AC1BBD /* WaveAttackUITests.swift in Sources */ = {isa = PBXBuildFile; fileRef = 544F05841BA305CD00AC1BBD /* WaveAttackUITests.swift */; };
		54553E2C1BA57B6200A38B18 /* GameLayer.swift in Sources */ = {isa = PBXBuildFile; fileRef = 54553E2B1BA57B6200A38B18 /* GameLayer.swift */; };
		54553E2E1BA5BEC100A38B18 /* Medium.swift in Sources */ = {isa = PBXBuildFile; fileRef = 54553E2D1BA5BEC100A38B18 /* Medium.swift */; };
		54553E321BA5C3A900A38B18 /* CustomSKNode.swift in Sources */ = {isa = PBXBuildFile; fileRef = 54553E311BA5C3A900A38B18 /* CustomSKNode.swift */; };
		54553E351BA6F3F700A38B18 /* Extension.swift in Sources */ = {isa = PBXBuildFile; fileRef = 54553E341BA6F3F700A38B18 /* Extension.swift */; };
		54553E371BA6FCD400A38B18 /* DestructibleObject.swift in Sources */ = {isa = PBXBuildFile; fileRef = 54553E361BA6FCD400A38B18 /* DestructibleObject.swift */; };
		54553E3C1BA6FE9200A38B18 /* box.png in Resources */ = {isa = PBXBuildFile; fileRef = 54553E3B1BA6FE9200A38B18 /* box.png */; };
		546F54131BA32DE400EB576B /* NormalEnergyPacket.swift in Sources */ = {isa = PBXBuildFile; fileRef = 546F54121BA32DE400EB576B /* NormalEnergyPacket.swift */; };
		546F54151BA32E1F00EB576B /* Refractable.swift in Sources */ = {isa = PBXBuildFile; fileRef = 546F54141BA32E1F00EB576B /* Refractable.swift */; };
		547322E41BF0962900FC2925 /* HealSkill.swift in Sources */ = {isa = PBXBuildFile; fileRef = 547322E31BF0962900FC2925 /* HealSkill.swift */; };
		5474C5641BA321A30015C861 /* GameObject.swift in Sources */ = {isa = PBXBuildFile; fileRef = 5474C5631BA321A30015C861 /* GameObject.swift */; };
		5474C5661BA3242E0015C861 /* EnergyPacket.swift in Sources */ = {isa = PBXBuildFile; fileRef = 5474C5651BA3242E0015C861 /* EnergyPacket.swift */; };
		548A6D181C04706900A4F42E /* numUp.png in Resources */ = {isa = PBXBuildFile; fileRef = 548A6D161C04706900A4F42E /* numUp.png */; };
		548A6D191C04706900A4F42E /* timeDown.png in Resources */ = {isa = PBXBuildFile; fileRef = 548A6D171C04706900A4F42E /* timeDown.png */; };
		548A6D1B1C04DF7400A4F42E /* Meterorolite.swift in Sources */ = {isa = PBXBuildFile; fileRef = 548A6D1A1C04DF7400A4F42E /* Meterorolite.swift */; };
		548A6D1D1C04E10000A4F42E /* rock.png in Resources */ = {isa = PBXBuildFile; fileRef = 548A6D1C1C04E10000A4F42E /* rock.png */; };
		548A6D1F1C04E96500A4F42E /* MeterFIre.sks in Resources */ = {isa = PBXBuildFile; fileRef = 548A6D1E1C04E96500A4F42E /* MeterFIre.sks */; };
		548A6D211C04EA1C00A4F42E /* MeterSkill.swift in Sources */ = {isa = PBXBuildFile; fileRef = 548A6D201C04EA1C00A4F42E /* MeterSkill.swift */; };
		548A6D231C04EC9D00A4F42E /* 45arrow.png in Resources */ = {isa = PBXBuildFile; fileRef = 548A6D221C04EC9D00A4F42E /* 45arrow.png */; };
		5491890B1BFB3C9E004764E4 /* ScoreFlashMsg.swift in Sources */ = {isa = PBXBuildFile; fileRef = 5491890A1BFB3C9E004764E4 /* ScoreFlashMsg.swift */; };
		5491890D1BFB4FCB004764E4 /* ScoreLabel.swift in Sources */ = {isa = PBXBuildFile; fileRef = 5491890C1BFB4FCB004764E4 /* ScoreLabel.swift */; };
		5491891E1BFB6218004764E4 /* Smoke.sks in Resources */ = {isa = PBXBuildFile; fileRef = 5491891C1BFB6218004764E4 /* Smoke.sks */; };
		5491891F1BFB6218004764E4 /* spark.png in Resources */ = {isa = PBXBuildFile; fileRef = 5491891D1BFB6218004764E4 /* spark.png */; };
		549189211BFB623C004764E4 /* Fire.sks in Resources */ = {isa = PBXBuildFile; fileRef = 549189201BFB623C004764E4 /* Fire.sks */; };
		54934F2F1C00EC7300797C8C /* door.png in Resources */ = {isa = PBXBuildFile; fileRef = 54934F2C1C00EC7300797C8C /* door.png */; };
		54934F301C00EC7300797C8C /* gun.png in Resources */ = {isa = PBXBuildFile; fileRef = 54934F2D1C00EC7300797C8C /* gun.png */; };
		54934F321C00ED8F00797C8C /* alien1.png in Resources */ = {isa = PBXBuildFile; fileRef = 54934F311C00ED8F00797C8C /* alien1.png */; };
		54934F341C00F68300797C8C /* WaveGeneratorUI.swift in Sources */ = {isa = PBXBuildFile; fileRef = 54934F331C00F68300797C8C /* WaveGeneratorUI.swift */; };
		54934F361C01297A00797C8C /* attack.png in Resources */ = {isa = PBXBuildFile; fileRef = 54934F351C01297A00797C8C /* attack.png */; };
		54934F381C012C5200797C8C /* StoringPowerBallUI.swift in Sources */ = {isa = PBXBuildFile; fileRef = 54934F371C012C5100797C8C /* StoringPowerBallUI.swift */; };
		54934F3A1C01A22100797C8C /* EnergyFire.sks in Resources */ = {isa = PBXBuildFile; fileRef = 54934F391C01A22000797C8C /* EnergyFire.sks */; };
		54934F3C1C01A2A200797C8C /* Spark.sks in Resources */ = {isa = PBXBuildFile; fileRef = 54934F3B1C01A2A200797C8C /* Spark.sks */; };
		54934F3E1C01AFC700797C8C /* atkBtn.png in Resources */ = {isa = PBXBuildFile; fileRef = 54934F3D1C01AFC700797C8C /* atkBtn.png */; };
		54934F451C01BD5F00797C8C /* decreaseHp.png in Resources */ = {isa = PBXBuildFile; fileRef = 54934F431C01BD5F00797C8C /* decreaseHp.png */; };
		54934F461C01BD5F00797C8C /* increaseHp.png in Resources */ = {isa = PBXBuildFile; fileRef = 54934F441C01BD5F00797C8C /* increaseHp.png */; };
		54934F4A1C01E65800797C8C /* announcement.png in Resources */ = {isa = PBXBuildFile; fileRef = 54934F491C01E65800797C8C /* announcement.png */; };
		54934F4C1C01E6AB00797C8C /* AnnouncementUI.swift in Sources */ = {isa = PBXBuildFile; fileRef = 54934F4B1C01E6AB00797C8C /* AnnouncementUI.swift */; };
		54934F4E1C0218FA00797C8C /* DoubleAttackSkill.swift in Sources */ = {isa = PBXBuildFile; fileRef = 54934F4D1C0218FA00797C8C /* DoubleAttackSkill.swift */; };
		54934F501C02265600797C8C /* SpeedChargingSkill.swift in Sources */ = {isa = PBXBuildFile; fileRef = 54934F4F1C02265600797C8C /* SpeedChargingSkill.swift */; };
		54934F541C03829E00797C8C /* border.png in Resources */ = {isa = PBXBuildFile; fileRef = 54934F531C03829E00797C8C /* border.png */; };
		54934F561C0388F500797C8C /* BarrierSkill.swift in Sources */ = {isa = PBXBuildFile; fileRef = 54934F551C0388F500797C8C /* BarrierSkill.swift */; };
		54934F5A1C038AB200797C8C /* ContactListener.swift in Sources */ = {isa = PBXBuildFile; fileRef = 54934F591C038AB200797C8C /* ContactListener.swift */; };
		54934F5C1C038EA700797C8C /* Barrier.swift in Sources */ = {isa = PBXBuildFile; fileRef = 54934F5B1C038EA700797C8C /* Barrier.swift */; };
		54934F5E1C0398BF00797C8C /* barrier.png in Resources */ = {isa = PBXBuildFile; fileRef = 54934F5D1C0398BF00797C8C /* barrier.png */; };
		54934F601C03A46200797C8C /* teamBorder.png in Resources */ = {isa = PBXBuildFile; fileRef = 54934F5F1C03A46200797C8C /* teamBorder.png */; };
		54934F621C03A99800797C8C /* using.png in Resources */ = {isa = PBXBuildFile; fileRef = 54934F611C03A99800797C8C /* using.png */; };
		549D82AA1BDA3F5D00907150 /* Air.swift in Sources */ = {isa = PBXBuildFile; fileRef = 549D82A91BDA3F5D00907150 /* Air.swift */; };
		549D82AE1BDF76A500907150 /* MainMenu.swift in Sources */ = {isa = PBXBuildFile; fileRef = 549D82AD1BDF76A500907150 /* MainMenu.swift */; };
		549D82B01BDFCBA100907150 /* MissionScene.swift in Sources */ = {isa = PBXBuildFile; fileRef = 549D82AF1BDFCBA100907150 /* MissionScene.swift */; };
		549D82B21BDFD18500907150 /* DraggableNode.swift in Sources */ = {isa = PBXBuildFile; fileRef = 549D82B11BDFD18500907150 /* DraggableNode.swift */; };
		549D82B41BE211ED00907150 /* MissionButton.swift in Sources */ = {isa = PBXBuildFile; fileRef = 549D82B31BE211ED00907150 /* MissionButton.swift */; };
		549D82C01BE33C3800907150 /* sky.png in Resources */ = {isa = PBXBuildFile; fileRef = 549D82BF1BE33C3800907150 /* sky.png */; };
		549D82C21BE33CA400907150 /* DaytimeSky.png in Resources */ = {isa = PBXBuildFile; fileRef = 549D82C11BE33CA400907150 /* DaytimeSky.png */; };
		549D82C41BE74E1700907150 /* Burnt Coal Ashes Tiling.png in Resources */ = {isa = PBXBuildFile; fileRef = 549D82C31BE74E1700907150 /* Burnt Coal Ashes Tiling.png */; };
		549D82C81BE7535E00907150 /* YellowMonster.png in Resources */ = {isa = PBXBuildFile; fileRef = 549D82C71BE7535E00907150 /* YellowMonster.png */; };
		549D82CA1BE79C4500907150 /* HpLabel.swift in Sources */ = {isa = PBXBuildFile; fileRef = 549D82C91BE79C4500907150 /* HpLabel.swift */; };
		54A55BAB1BBA97A70039D744 /* InfoLayer.swift in Sources */ = {isa = PBXBuildFile; fileRef = 54A55BAA1BBA97A70039D744 /* InfoLayer.swift */; };
		54A55BAD1BBA9B1F0039D744 /* Player.swift in Sources */ = {isa = PBXBuildFile; fileRef = 54A55BAC1BBA9B1F0039D744 /* Player.swift */; };
		54A611921BA81EEC009299A6 /* Reflectable.swift in Sources */ = {isa = PBXBuildFile; fileRef = 54A611911BA81EEC009299A6 /* Reflectable.swift */; };
		54A611941BA8212C009299A6 /* Cloneable.swift in Sources */ = {isa = PBXBuildFile; fileRef = 54A611931BA8212C009299A6 /* Cloneable.swift */; };
		54BBD9281BD7CEB300BAFFA2 /* Team+CoreDataProperties.swift in Sources */ = {isa = PBXBuildFile; fileRef = 54BBD9261BD7CEB300BAFFA2 /* Team+CoreDataProperties.swift */; };
		54BBD9291BD7CEB300BAFFA2 /* Team.swift in Sources */ = {isa = PBXBuildFile; fileRef = 54BBD9271BD7CEB300BAFFA2 /* Team.swift */; };
		54BBD93C1BD7DF5200BAFFA2 /* OwnedCharacter+CoreDataProperties.swift in Sources */ = {isa = PBXBuildFile; fileRef = 54BBD93A1BD7DF5200BAFFA2 /* OwnedCharacter+CoreDataProperties.swift */; };
		54BBD93D1BD7DF5200BAFFA2 /* OwnedCharacter.swift in Sources */ = {isa = PBXBuildFile; fileRef = 54BBD93B1BD7DF5200BAFFA2 /* OwnedCharacter.swift */; };
		54BBD93F1BD7E0C700BAFFA2 /* ch01.png in Resources */ = {isa = PBXBuildFile; fileRef = 54BBD93E1BD7E0C700BAFFA2 /* ch01.png */; };
		54BBD9411BD7F9ED00BAFFA2 /* NotifyNextRound.swift in Sources */ = {isa = PBXBuildFile; fileRef = 54BBD9401BD7F9ED00BAFFA2 /* NotifyNextRound.swift */; };
		54BBD9431BD94DFB00BAFFA2 /* TimerUI.swift in Sources */ = {isa = PBXBuildFile; fileRef = 54BBD9421BD94DFB00BAFFA2 /* TimerUI.swift */; };
		54BEFB9D1BF5E42A00DAFA05 /* Building.swift in Sources */ = {isa = PBXBuildFile; fileRef = 54BEFB9C1BF5E42A00DAFA05 /* Building.swift */; };
		54BEFBB31BF63B0100DAFA05 /* building_0000_2.png in Resources */ = {isa = PBXBuildFile; fileRef = 54BEFBB11BF63B0100DAFA05 /* building_0000_2.png */; };
		54BEFBB41BF63B0100DAFA05 /* building_0001_1.png in Resources */ = {isa = PBXBuildFile; fileRef = 54BEFBB21BF63B0100DAFA05 /* building_0001_1.png */; };
		54BEFBC41BF7581F00DAFA05 /* human_down.png in Resources */ = {isa = PBXBuildFile; fileRef = 54BEFBC21BF7581F00DAFA05 /* human_down.png */; };
		54BEFBC51BF7581F00DAFA05 /* human_up.png in Resources */ = {isa = PBXBuildFile; fileRef = 54BEFBC31BF7581F00DAFA05 /* human_up.png */; };
		54BEFBC71BF77CCA00DAFA05 /* human_full.png in Resources */ = {isa = PBXBuildFile; fileRef = 54BEFBC61BF77CCA00DAFA05 /* human_full.png */; };
		54BEFBC91BF9DA5A00DAFA05 /* ground.png in Resources */ = {isa = PBXBuildFile; fileRef = 54BEFBC81BF9DA5A00DAFA05 /* ground.png */; };
		54BEFBCB1BFA0B4B00DAFA05 /* SpawnPoint.swift in Sources */ = {isa = PBXBuildFile; fileRef = 54BEFBCA1BFA0B4B00DAFA05 /* SpawnPoint.swift */; };
		54BEFBCD1BFA122E00DAFA05 /* Spawnable.swift in Sources */ = {isa = PBXBuildFile; fileRef = 54BEFBCC1BFA122E00DAFA05 /* Spawnable.swift */; };
		54BEFBCF1BFA1A6200DAFA05 /* SmallObject.swift in Sources */ = {isa = PBXBuildFile; fileRef = 54BEFBCE1BFA1A6200DAFA05 /* SmallObject.swift */; };
		54BEFBD11BFA259700DAFA05 /* Enterable.swift in Sources */ = {isa = PBXBuildFile; fileRef = 54BEFBD01BFA259700DAFA05 /* Enterable.swift */; };
		54BEFBD31BFA26DF00DAFA05 /* TargetPoint.swift in Sources */ = {isa = PBXBuildFile; fileRef = 54BEFBD21BFA26DF00DAFA05 /* TargetPoint.swift */; };
		54D44C181BD765DD00B24EE6 /* Model.xcdatamodeld in Sources */ = {isa = PBXBuildFile; fileRef = 54D44C161BD765DD00B24EE6 /* Model.xcdatamodeld */; };
		54D44C1C1BD765F700B24EE6 /* MissionsController.swift in Sources */ = {isa = PBXBuildFile; fileRef = 54D44C1A1BD765F700B24EE6 /* MissionsController.swift */; };
		54D44C1E1BD7660300B24EE6 /* ConfirmWindow.swift in Sources */ = {isa = PBXBuildFile; fileRef = 54D44C1D1BD7660300B24EE6 /* ConfirmWindow.swift */; };
		54D44C201BD7660F00B24EE6 /* MainMenuController.swift in Sources */ = {isa = PBXBuildFile; fileRef = 54D44C1F1BD7660F00B24EE6 /* MainMenuController.swift */; };
		54D44C231BD7661C00B24EE6 /* PlayerInfo.swift in Sources */ = {isa = PBXBuildFile; fileRef = 54D44C211BD7661C00B24EE6 /* PlayerInfo.swift */; };
		54D44C241BD7661C00B24EE6 /* PlayerInfo+CoreDataProperties.swift in Sources */ = {isa = PBXBuildFile; fileRef = 54D44C221BD7661C00B24EE6 /* PlayerInfo+CoreDataProperties.swift */; };
		54D6A1FB1BE7B80100B23C65 /* UIBackground.png in Resources */ = {isa = PBXBuildFile; fileRef = 54D6A1FA1BE7B80100B23C65 /* UIBackground.png */; };
		54D6A1FD1BE7BCD600B23C65 /* waveBtn.png in Resources */ = {isa = PBXBuildFile; fileRef = 54D6A1FC1BE7BCD600B23C65 /* waveBtn.png */; };
		54D6A1FF1BE7D5E400B23C65 /* clock.png in Resources */ = {isa = PBXBuildFile; fileRef = 54D6A1FE1BE7D5E400B23C65 /* clock.png */; };
		54D6A2071BE7E3D500B23C65 /* blueSlime.png in Resources */ = {isa = PBXBuildFile; fileRef = 54D6A2011BE7E3D500B23C65 /* blueSlime.png */; };
		54D6A2081BE7E3D500B23C65 /* greenSlime.png in Resources */ = {isa = PBXBuildFile; fileRef = 54D6A2021BE7E3D500B23C65 /* greenSlime.png */; };
		54D6A20A1BE7E3D500B23C65 /* purpleSlime.png in Resources */ = {isa = PBXBuildFile; fileRef = 54D6A2041BE7E3D500B23C65 /* purpleSlime.png */; };
		54D6A20B1BE7E3D500B23C65 /* redSlime.png in Resources */ = {isa = PBXBuildFile; fileRef = 54D6A2051BE7E3D500B23C65 /* redSlime.png */; };
		54D6A20C1BE7E3D500B23C65 /* yellowSlime.png in Resources */ = {isa = PBXBuildFile; fileRef = 54D6A2061BE7E3D500B23C65 /* yellowSlime.png */; };
		54E090701BF259610055D5F9 /* mainBack.png in Resources */ = {isa = PBXBuildFile; fileRef = 54E0906F1BF259610055D5F9 /* mainBack.png */; };
		54E090721BF25C590055D5F9 /* menuBack.png in Resources */ = {isa = PBXBuildFile; fileRef = 54E090711BF25C590055D5F9 /* menuBack.png */; };
		54E090741BF270740055D5F9 /* FrameTimer.swift in Sources */ = {isa = PBXBuildFile; fileRef = 54E090731BF270740055D5F9 /* FrameTimer.swift */; };
		54E090761BF3976E0055D5F9 /* Ground.swift in Sources */ = {isa = PBXBuildFile; fileRef = 54E090751BF3976E0055D5F9 /* Ground.swift */; };
		54E7D3241BEA05D300C6EA57 /* packet.png in Resources */ = {isa = PBXBuildFile; fileRef = 54E7D3231BEA05D300C6EA57 /* packet.png */; };
		54E7D3261BEA4B1F00C6EA57 /* Hit.png in Resources */ = {isa = PBXBuildFile; fileRef = 54E7D3251BEA4B1F00C6EA57 /* Hit.png */; };
		54E7D32A1BEA65EE00C6EA57 /* PassedMission+CoreDataProperties.swift in Sources */ = {isa = PBXBuildFile; fileRef = 54E7D3281BEA65EE00C6EA57 /* PassedMission+CoreDataProperties.swift */; };
		54E7D32B1BEA65EE00C6EA57 /* PassedMission.swift in Sources */ = {isa = PBXBuildFile; fileRef = 54E7D3291BEA65EE00C6EA57 /* PassedMission.swift */; };
		54E7D32D1BEA665E00C6EA57 /* CoreDataExtension.swift in Sources */ = {isa = PBXBuildFile; fileRef = 54E7D32C1BEA665E00C6EA57 /* CoreDataExtension.swift */; };
		54E7D32F1BEA726C00C6EA57 /* mission2.json in Resources */ = {isa = PBXBuildFile; fileRef = 54E7D32E1BEA726C00C6EA57 /* mission2.json */; };
		54EDF1BE1BFB72E100671C07 /* Blood.sks in Resources */ = {isa = PBXBuildFile; fileRef = 54EDF1BC1BFB72E100671C07 /* Blood.sks */; };
		54EDF1C11BFBAEB700671C07 /* strangeEybal.png in Resources */ = {isa = PBXBuildFile; fileRef = 54EDF1C01BFBAEB700671C07 /* strangeEybal.png */; };
		54EDF1C31BFBB12E00671C07 /* Enemy.swift in Sources */ = {isa = PBXBuildFile; fileRef = 54EDF1C21BFBB12E00671C07 /* Enemy.swift */; };
		54EDF1C51BFBB25F00671C07 /* EyeBallMan.swift in Sources */ = {isa = PBXBuildFile; fileRef = 54EDF1C41BFBB25F00671C07 /* EyeBallMan.swift */; };
		54EDF1C71BFBB44200671C07 /* SmallMovableObject.swift in Sources */ = {isa = PBXBuildFile; fileRef = 54EDF1C61BFBB44200671C07 /* SmallMovableObject.swift */; };
		54EDF1C91BFF5FE400671C07 /* BadyDragon.swift in Sources */ = {isa = PBXBuildFile; fileRef = 54EDF1C81BFF5FE400671C07 /* BadyDragon.swift */; };
		54EDF1CB1BFF607700671C07 /* Baby_Dragon.png in Resources */ = {isa = PBXBuildFile; fileRef = 54EDF1CA1BFF607700671C07 /* Baby_Dragon.png */; };
		54EDF1CD1BFF77FC00671C07 /* AnimateHelper.swift in Sources */ = {isa = PBXBuildFile; fileRef = 54EDF1CC1BFF77FC00671C07 /* AnimateHelper.swift */; };
		54EDF1CF1C00783A00671C07 /* TripleBulletAttack.swift in Sources */ = {isa = PBXBuildFile; fileRef = 54EDF1CE1C00783A00671C07 /* TripleBulletAttack.swift */; };
		54F8D8891BB04271009E9654 /* GameObjectFactory.swift in Sources */ = {isa = PBXBuildFile; fileRef = 54F8D8881BB04271009E9654 /* GameObjectFactory.swift */; };
		54F8D8901BB05444009E9654 /* mission1.json in Resources */ = {isa = PBXBuildFile; fileRef = 54F8D88F1BB05444009E9654 /* mission1.json */; };
		54F8D8921BB05719009E9654 /* Mission.swift in Sources */ = {isa = PBXBuildFile; fileRef = 54F8D8911BB05719009E9654 /* Mission.swift */; };
		54F8D8941BB05879009E9654 /* SubMission.swift in Sources */ = {isa = PBXBuildFile; fileRef = 54F8D8931BB05879009E9654 /* SubMission.swift */; };
		54F8D8961BB1D29B009E9654 /* HpBar.swift in Sources */ = {isa = PBXBuildFile; fileRef = 54F8D8951BB1D29B009E9654 /* HpBar.swift */; };
		54F8D8981BB1D943009E9654 /* redbar.png in Resources */ = {isa = PBXBuildFile; fileRef = 54F8D8971BB1D943009E9654 /* redbar.png */; };
		5F01C9EC1BD4A8850003C711 /* SkillManager.swift in Sources */ = {isa = PBXBuildFile; fileRef = 5F01C9EB1BD4A8850003C711 /* SkillManager.swift */; };
		5F01C9F41BD4AE8D0003C711 /* TeamScene.swift in Sources */ = {isa = PBXBuildFile; fileRef = 5F01C9F31BD4AE8D0003C711 /* TeamScene.swift */; };
		5F411C181BD771C10003B89D /* CharacterSlot.swift in Sources */ = {isa = PBXBuildFile; fileRef = 5F411C171BD771C10003B89D /* CharacterSlot.swift */; };
		5F411C1A1BD771DF0003B89D /* CharacterButton.swift in Sources */ = {isa = PBXBuildFile; fileRef = 5F411C191BD771DF0003B89D /* CharacterButton.swift */; };
		5F71B6A51BDA0144002F49B5 /* Interactable.swift in Sources */ = {isa = PBXBuildFile; fileRef = 5F71B6A41BDA0144002F49B5 /* Interactable.swift */; };
		5F71B6A81BDA2429002F49B5 /* CharScene.swift in Sources */ = {isa = PBXBuildFile; fileRef = 5F71B6A71BDA2429002F49B5 /* CharScene.swift */; };
		5F71B6AA1BDCAB3D002F49B5 /* TransitableScene.swift in Sources */ = {isa = PBXBuildFile; fileRef = 5F71B6A91BDCAB3D002F49B5 /* TransitableScene.swift */; };
		5F71B6AC1BDCEEBA002F49B5 /* BackButton.swift in Sources */ = {isa = PBXBuildFile; fileRef = 5F71B6AB1BDCEEBA002F49B5 /* BackButton.swift */; };
/* End PBXBuildFile section */

/* Begin PBXContainerItemProxy section */
		544F05761BA305CD00AC1BBD /* PBXContainerItemProxy */ = {
			isa = PBXContainerItemProxy;
			containerPortal = 544F05551BA305CD00AC1BBD /* Project object */;
			proxyType = 1;
			remoteGlobalIDString = 544F055C1BA305CD00AC1BBD;
			remoteInfo = WaveAttack;
		};
		544F05811BA305CD00AC1BBD /* PBXContainerItemProxy */ = {
			isa = PBXContainerItemProxy;
			containerPortal = 544F05551BA305CD00AC1BBD /* Project object */;
			proxyType = 1;
			remoteGlobalIDString = 544F055C1BA305CD00AC1BBD;
			remoteInfo = WaveAttack;
		};
/* End PBXContainerItemProxy section */

/* Begin PBXFileReference section */
		5412854F1BA548E700EB4A05 /* GameScene.sks */ = {isa = PBXFileReference; lastKnownFileType = file.sks; path = GameScene.sks; sourceTree = "<group>"; };
		5420A5D71BBE7112000F2E14 /* Snail.png */ = {isa = PBXFileReference; lastKnownFileType = image.png; path = Snail.png; sourceTree = "<group>"; };
		5420A5DD1BBE75AE000F2E14 /* DirectAttack.swift */ = {isa = PBXFileReference; fileEncoding = 4; lastKnownFileType = sourcecode.swift; path = DirectAttack.swift; sourceTree = "<group>"; };
		5420A5DF1BBE75C0000F2E14 /* EnemyAction.swift */ = {isa = PBXFileReference; fileEncoding = 4; lastKnownFileType = sourcecode.swift; path = EnemyAction.swift; sourceTree = "<group>"; };
		5420A5E11BBEF1AB000F2E14 /* Event.swift */ = {isa = PBXFileReference; fileEncoding = 4; lastKnownFileType = sourcecode.swift; path = Event.swift; sourceTree = "<group>"; };
		5420A5E31BC01915000F2E14 /* beams.png */ = {isa = PBXFileReference; lastKnownFileType = image.png; path = beams.png; sourceTree = "<group>"; };
		5420A5E81BC04935000F2E14 /* Oval.png */ = {isa = PBXFileReference; lastKnownFileType = image.png; path = Oval.png; sourceTree = "<group>"; };
		5420A5EB1BC05206000F2E14 /* Skill.swift */ = {isa = PBXFileReference; fileEncoding = 4; lastKnownFileType = sourcecode.swift; path = Skill.swift; sourceTree = "<group>"; };
		5420A6031BC38542000F2E14 /* ActRoundLabel.swift */ = {isa = PBXFileReference; fileEncoding = 4; lastKnownFileType = sourcecode.swift; path = ActRoundLabel.swift; sourceTree = "<group>"; };
		5420A6051BC404E0000F2E14 /* ResultUI.swift */ = {isa = PBXFileReference; fileEncoding = 4; lastKnownFileType = sourcecode.swift; path = ResultUI.swift; sourceTree = "<group>"; };
		5420A60C1BC572E5000F2E14 /* crack.png */ = {isa = PBXFileReference; lastKnownFileType = image.png; path = crack.png; sourceTree = "<group>"; };
		5420A60E1BC589A8000F2E14 /* TextureTools.swift */ = {isa = PBXFileReference; fileEncoding = 4; lastKnownFileType = sourcecode.swift; path = TextureTools.swift; sourceTree = "<group>"; };
		5420A6101BC6747E000F2E14 /* ButtonUI.swift */ = {isa = PBXFileReference; fileEncoding = 4; lastKnownFileType = sourcecode.swift; name = ButtonUI.swift; path = Model/ButtonUI.swift; sourceTree = "<group>"; };
		5420A6121BC6F322000F2E14 /* Clickable.swift */ = {isa = PBXFileReference; fileEncoding = 4; lastKnownFileType = sourcecode.swift; path = Clickable.swift; sourceTree = "<group>"; };
		5433C31A1BF4F1E300C87116 /* Human.swift */ = {isa = PBXFileReference; fileEncoding = 4; lastKnownFileType = sourcecode.swift; path = Human.swift; sourceTree = "<group>"; };
		5433C3281BF4FEBD00C87116 /* building.png */ = {isa = PBXFileReference; lastKnownFileType = image.png; path = building.png; sourceTree = "<group>"; };
		544B60DC1BCA22710064B8AE /* Character.swift */ = {isa = PBXFileReference; fileEncoding = 4; lastKnownFileType = sourcecode.swift; path = Character.swift; sourceTree = "<group>"; };
		544B60DD1BCA22710064B8AE /* CharacterManager.swift */ = {isa = PBXFileReference; fileEncoding = 4; lastKnownFileType = sourcecode.swift; path = CharacterManager.swift; sourceTree = "<group>"; };
		544B60DE1BCA22710064B8AE /* characters.json */ = {isa = PBXFileReference; fileEncoding = 4; lastKnownFileType = text.json; path = characters.json; sourceTree = "<group>"; };
		544B60DF1BCA22710064B8AE /* JSONHelper.swift */ = {isa = PBXFileReference; fileEncoding = 4; lastKnownFileType = sourcecode.swift; path = JSONHelper.swift; sourceTree = "<group>"; };
		544B60E01BCA22710064B8AE /* MathHelper.swift */ = {isa = PBXFileReference; fileEncoding = 4; lastKnownFileType = sourcecode.swift; path = MathHelper.swift; sourceTree = "<group>"; };
		544B60E11BCA22710064B8AE /* PointerHelper.swift */ = {isa = PBXFileReference; fileEncoding = 4; lastKnownFileType = sourcecode.swift; path = PointerHelper.swift; sourceTree = "<group>"; };
		544B60E21BCA22710064B8AE /* UICharacterButton.swift */ = {isa = PBXFileReference; fileEncoding = 4; lastKnownFileType = sourcecode.swift; path = UICharacterButton.swift; sourceTree = "<group>"; };
		544B60E31BCA22710064B8AE /* UINode.swift */ = {isa = PBXFileReference; fileEncoding = 4; lastKnownFileType = sourcecode.swift; path = UINode.swift; sourceTree = "<group>"; };
		544B60E51BCA22710064B8AE /* Wave.swift */ = {isa = PBXFileReference; fileEncoding = 4; lastKnownFileType = sourcecode.swift; path = Wave.swift; sourceTree = "<group>"; };
		544B60E61BCA22710064B8AE /* WaveFactory.swift */ = {isa = PBXFileReference; fileEncoding = 4; lastKnownFileType = sourcecode.swift; path = WaveFactory.swift; sourceTree = "<group>"; };
		544B60F31BCA4A8E0064B8AE /* UIWaveButton.swift */ = {isa = PBXFileReference; fileEncoding = 4; lastKnownFileType = sourcecode.swift; name = UIWaveButton.swift; path = Model/UIWaveButton.swift; sourceTree = "<group>"; };
		544F055D1BA305CD00AC1BBD /* WaveAttack.app */ = {isa = PBXFileReference; explicitFileType = wrapper.application; includeInIndex = 0; path = WaveAttack.app; sourceTree = BUILT_PRODUCTS_DIR; };
		544F05601BA305CD00AC1BBD /* AppDelegate.swift */ = {isa = PBXFileReference; lastKnownFileType = sourcecode.swift; path = AppDelegate.swift; sourceTree = "<group>"; };
		544F05641BA305CD00AC1BBD /* GameScene.swift */ = {isa = PBXFileReference; lastKnownFileType = sourcecode.swift; name = GameScene.swift; path = ../GameScene.swift; sourceTree = "<group>"; };
		544F05661BA305CD00AC1BBD /* GameViewController.swift */ = {isa = PBXFileReference; lastKnownFileType = sourcecode.swift; path = GameViewController.swift; sourceTree = "<group>"; };
		544F05691BA305CD00AC1BBD /* Base */ = {isa = PBXFileReference; lastKnownFileType = file.storyboard; name = Base; path = Base.lproj/Main.storyboard; sourceTree = "<group>"; };
		544F056B1BA305CD00AC1BBD /* Assets.xcassets */ = {isa = PBXFileReference; lastKnownFileType = folder.assetcatalog; path = Assets.xcassets; sourceTree = "<group>"; };
		544F056E1BA305CD00AC1BBD /* Base */ = {isa = PBXFileReference; lastKnownFileType = file.storyboard; name = Base; path = Base.lproj/LaunchScreen.storyboard; sourceTree = "<group>"; };
		544F05701BA305CD00AC1BBD /* Info.plist */ = {isa = PBXFileReference; lastKnownFileType = text.plist.xml; path = Info.plist; sourceTree = "<group>"; };
		544F05751BA305CD00AC1BBD /* WaveAttackTests.xctest */ = {isa = PBXFileReference; explicitFileType = wrapper.cfbundle; includeInIndex = 0; path = WaveAttackTests.xctest; sourceTree = BUILT_PRODUCTS_DIR; };
		544F05791BA305CD00AC1BBD /* WaveAttackTests.swift */ = {isa = PBXFileReference; lastKnownFileType = sourcecode.swift; path = WaveAttackTests.swift; sourceTree = "<group>"; };
		544F057B1BA305CD00AC1BBD /* Info.plist */ = {isa = PBXFileReference; lastKnownFileType = text.plist.xml; path = Info.plist; sourceTree = "<group>"; };
		544F05801BA305CD00AC1BBD /* WaveAttackUITests.xctest */ = {isa = PBXFileReference; explicitFileType = wrapper.cfbundle; includeInIndex = 0; path = WaveAttackUITests.xctest; sourceTree = BUILT_PRODUCTS_DIR; };
		544F05841BA305CD00AC1BBD /* WaveAttackUITests.swift */ = {isa = PBXFileReference; lastKnownFileType = sourcecode.swift; path = WaveAttackUITests.swift; sourceTree = "<group>"; };
		544F05861BA305CD00AC1BBD /* Info.plist */ = {isa = PBXFileReference; lastKnownFileType = text.plist.xml; path = Info.plist; sourceTree = "<group>"; };
		54553E2B1BA57B6200A38B18 /* GameLayer.swift */ = {isa = PBXFileReference; fileEncoding = 4; lastKnownFileType = sourcecode.swift; path = GameLayer.swift; sourceTree = "<group>"; };
		54553E2D1BA5BEC100A38B18 /* Medium.swift */ = {isa = PBXFileReference; fileEncoding = 4; lastKnownFileType = sourcecode.swift; path = Medium.swift; sourceTree = "<group>"; };
		54553E311BA5C3A900A38B18 /* CustomSKNode.swift */ = {isa = PBXFileReference; fileEncoding = 4; lastKnownFileType = sourcecode.swift; path = CustomSKNode.swift; sourceTree = "<group>"; };
		54553E341BA6F3F700A38B18 /* Extension.swift */ = {isa = PBXFileReference; fileEncoding = 4; lastKnownFileType = sourcecode.swift; path = Extension.swift; sourceTree = "<group>"; };
		54553E361BA6FCD400A38B18 /* DestructibleObject.swift */ = {isa = PBXFileReference; fileEncoding = 4; lastKnownFileType = sourcecode.swift; path = DestructibleObject.swift; sourceTree = "<group>"; };
		54553E3B1BA6FE9200A38B18 /* box.png */ = {isa = PBXFileReference; lastKnownFileType = image.png; path = box.png; sourceTree = "<group>"; };
		546F54121BA32DE400EB576B /* NormalEnergyPacket.swift */ = {isa = PBXFileReference; fileEncoding = 4; lastKnownFileType = sourcecode.swift; path = NormalEnergyPacket.swift; sourceTree = "<group>"; };
		546F54141BA32E1F00EB576B /* Refractable.swift */ = {isa = PBXFileReference; fileEncoding = 4; lastKnownFileType = sourcecode.swift; name = Refractable.swift; path = Model/Refractable.swift; sourceTree = "<group>"; };
		547322E31BF0962900FC2925 /* HealSkill.swift */ = {isa = PBXFileReference; fileEncoding = 4; lastKnownFileType = sourcecode.swift; path = HealSkill.swift; sourceTree = "<group>"; };
		5474C5631BA321A30015C861 /* GameObject.swift */ = {isa = PBXFileReference; fileEncoding = 4; lastKnownFileType = sourcecode.swift; path = GameObject.swift; sourceTree = "<group>"; };
		5474C5651BA3242E0015C861 /* EnergyPacket.swift */ = {isa = PBXFileReference; fileEncoding = 4; lastKnownFileType = sourcecode.swift; path = EnergyPacket.swift; sourceTree = "<group>"; };
		548A6D161C04706900A4F42E /* numUp.png */ = {isa = PBXFileReference; lastKnownFileType = image.png; path = numUp.png; sourceTree = "<group>"; };
		548A6D171C04706900A4F42E /* timeDown.png */ = {isa = PBXFileReference; lastKnownFileType = image.png; path = timeDown.png; sourceTree = "<group>"; };
		548A6D1A1C04DF7400A4F42E /* Meterorolite.swift */ = {isa = PBXFileReference; fileEncoding = 4; lastKnownFileType = sourcecode.swift; path = Meterorolite.swift; sourceTree = "<group>"; };
		548A6D1C1C04E10000A4F42E /* rock.png */ = {isa = PBXFileReference; lastKnownFileType = image.png; path = rock.png; sourceTree = "<group>"; };
		548A6D1E1C04E96500A4F42E /* MeterFIre.sks */ = {isa = PBXFileReference; lastKnownFileType = file.sks; path = MeterFIre.sks; sourceTree = "<group>"; };
		548A6D201C04EA1C00A4F42E /* MeterSkill.swift */ = {isa = PBXFileReference; fileEncoding = 4; lastKnownFileType = sourcecode.swift; path = MeterSkill.swift; sourceTree = "<group>"; };
		548A6D221C04EC9D00A4F42E /* 45arrow.png */ = {isa = PBXFileReference; lastKnownFileType = image.png; path = 45arrow.png; sourceTree = "<group>"; };
		5491890A1BFB3C9E004764E4 /* ScoreFlashMsg.swift */ = {isa = PBXFileReference; fileEncoding = 4; lastKnownFileType = sourcecode.swift; path = ScoreFlashMsg.swift; sourceTree = "<group>"; };
		5491890C1BFB4FCB004764E4 /* ScoreLabel.swift */ = {isa = PBXFileReference; fileEncoding = 4; lastKnownFileType = sourcecode.swift; path = ScoreLabel.swift; sourceTree = "<group>"; };
		5491891C1BFB6218004764E4 /* Smoke.sks */ = {isa = PBXFileReference; lastKnownFileType = file.sks; path = Smoke.sks; sourceTree = "<group>"; };
		5491891D1BFB6218004764E4 /* spark.png */ = {isa = PBXFileReference; lastKnownFileType = image.png; path = spark.png; sourceTree = "<group>"; };
		549189201BFB623C004764E4 /* Fire.sks */ = {isa = PBXFileReference; lastKnownFileType = file.sks; path = Fire.sks; sourceTree = "<group>"; };
		54934F2C1C00EC7300797C8C /* door.png */ = {isa = PBXFileReference; lastKnownFileType = image.png; path = door.png; sourceTree = "<group>"; };
		54934F2D1C00EC7300797C8C /* gun.png */ = {isa = PBXFileReference; lastKnownFileType = image.png; path = gun.png; sourceTree = "<group>"; };
		54934F311C00ED8F00797C8C /* alien1.png */ = {isa = PBXFileReference; lastKnownFileType = image.png; path = alien1.png; sourceTree = "<group>"; };
		54934F331C00F68300797C8C /* WaveGeneratorUI.swift */ = {isa = PBXFileReference; fileEncoding = 4; lastKnownFileType = sourcecode.swift; path = WaveGeneratorUI.swift; sourceTree = "<group>"; };
		54934F351C01297A00797C8C /* attack.png */ = {isa = PBXFileReference; lastKnownFileType = image.png; path = attack.png; sourceTree = "<group>"; };
		54934F371C012C5100797C8C /* StoringPowerBallUI.swift */ = {isa = PBXFileReference; fileEncoding = 4; lastKnownFileType = sourcecode.swift; path = StoringPowerBallUI.swift; sourceTree = "<group>"; };
		54934F391C01A22000797C8C /* EnergyFire.sks */ = {isa = PBXFileReference; lastKnownFileType = file.sks; path = EnergyFire.sks; sourceTree = "<group>"; };
		54934F3B1C01A2A200797C8C /* Spark.sks */ = {isa = PBXFileReference; lastKnownFileType = file.sks; path = Spark.sks; sourceTree = "<group>"; };
		54934F3D1C01AFC700797C8C /* atkBtn.png */ = {isa = PBXFileReference; lastKnownFileType = image.png; path = atkBtn.png; sourceTree = "<group>"; };
		54934F431C01BD5F00797C8C /* decreaseHp.png */ = {isa = PBXFileReference; lastKnownFileType = image.png; path = decreaseHp.png; sourceTree = "<group>"; };
		54934F441C01BD5F00797C8C /* increaseHp.png */ = {isa = PBXFileReference; lastKnownFileType = image.png; path = increaseHp.png; sourceTree = "<group>"; };
		54934F491C01E65800797C8C /* announcement.png */ = {isa = PBXFileReference; lastKnownFileType = image.png; path = announcement.png; sourceTree = "<group>"; };
		54934F4B1C01E6AB00797C8C /* AnnouncementUI.swift */ = {isa = PBXFileReference; fileEncoding = 4; lastKnownFileType = sourcecode.swift; path = AnnouncementUI.swift; sourceTree = "<group>"; };
		54934F4D1C0218FA00797C8C /* DoubleAttackSkill.swift */ = {isa = PBXFileReference; fileEncoding = 4; lastKnownFileType = sourcecode.swift; path = DoubleAttackSkill.swift; sourceTree = "<group>"; };
		54934F4F1C02265600797C8C /* SpeedChargingSkill.swift */ = {isa = PBXFileReference; fileEncoding = 4; lastKnownFileType = sourcecode.swift; path = SpeedChargingSkill.swift; sourceTree = "<group>"; };
		54934F531C03829E00797C8C /* border.png */ = {isa = PBXFileReference; lastKnownFileType = image.png; path = border.png; sourceTree = "<group>"; };
		54934F551C0388F500797C8C /* BarrierSkill.swift */ = {isa = PBXFileReference; fileEncoding = 4; lastKnownFileType = sourcecode.swift; path = BarrierSkill.swift; sourceTree = "<group>"; };
		54934F591C038AB200797C8C /* ContactListener.swift */ = {isa = PBXFileReference; fileEncoding = 4; lastKnownFileType = sourcecode.swift; path = ContactListener.swift; sourceTree = "<group>"; };
		54934F5B1C038EA700797C8C /* Barrier.swift */ = {isa = PBXFileReference; fileEncoding = 4; lastKnownFileType = sourcecode.swift; path = Barrier.swift; sourceTree = "<group>"; };
		54934F5D1C0398BF00797C8C /* barrier.png */ = {isa = PBXFileReference; lastKnownFileType = image.png; path = barrier.png; sourceTree = "<group>"; };
		54934F5F1C03A46200797C8C /* teamBorder.png */ = {isa = PBXFileReference; lastKnownFileType = image.png; path = teamBorder.png; sourceTree = "<group>"; };
		54934F611C03A99800797C8C /* using.png */ = {isa = PBXFileReference; lastKnownFileType = image.png; path = using.png; sourceTree = "<group>"; };
		549D82A91BDA3F5D00907150 /* Air.swift */ = {isa = PBXFileReference; fileEncoding = 4; lastKnownFileType = sourcecode.swift; path = Air.swift; sourceTree = "<group>"; };
		549D82AD1BDF76A500907150 /* MainMenu.swift */ = {isa = PBXFileReference; fileEncoding = 4; lastKnownFileType = sourcecode.swift; path = MainMenu.swift; sourceTree = "<group>"; };
		549D82AF1BDFCBA100907150 /* MissionScene.swift */ = {isa = PBXFileReference; fileEncoding = 4; lastKnownFileType = sourcecode.swift; path = MissionScene.swift; sourceTree = "<group>"; };
		549D82B11BDFD18500907150 /* DraggableNode.swift */ = {isa = PBXFileReference; fileEncoding = 4; lastKnownFileType = sourcecode.swift; path = DraggableNode.swift; sourceTree = "<group>"; };
		549D82B31BE211ED00907150 /* MissionButton.swift */ = {isa = PBXFileReference; fileEncoding = 4; lastKnownFileType = sourcecode.swift; path = MissionButton.swift; sourceTree = "<group>"; };
		549D82BF1BE33C3800907150 /* sky.png */ = {isa = PBXFileReference; lastKnownFileType = image.png; path = sky.png; sourceTree = "<group>"; };
		549D82C11BE33CA400907150 /* DaytimeSky.png */ = {isa = PBXFileReference; lastKnownFileType = image.png; path = DaytimeSky.png; sourceTree = "<group>"; };
		549D82C31BE74E1700907150 /* Burnt Coal Ashes Tiling.png */ = {isa = PBXFileReference; lastKnownFileType = image.png; path = "Burnt Coal Ashes Tiling.png"; sourceTree = "<group>"; };
		549D82C71BE7535E00907150 /* YellowMonster.png */ = {isa = PBXFileReference; lastKnownFileType = image.png; path = YellowMonster.png; sourceTree = "<group>"; };
		549D82C91BE79C4500907150 /* HpLabel.swift */ = {isa = PBXFileReference; fileEncoding = 4; lastKnownFileType = sourcecode.swift; path = HpLabel.swift; sourceTree = "<group>"; };
		54A55BAA1BBA97A70039D744 /* InfoLayer.swift */ = {isa = PBXFileReference; fileEncoding = 4; lastKnownFileType = sourcecode.swift; path = InfoLayer.swift; sourceTree = "<group>"; };
		54A55BAC1BBA9B1F0039D744 /* Player.swift */ = {isa = PBXFileReference; fileEncoding = 4; lastKnownFileType = sourcecode.swift; path = Player.swift; sourceTree = "<group>"; };
		54A611911BA81EEC009299A6 /* Reflectable.swift */ = {isa = PBXFileReference; fileEncoding = 4; lastKnownFileType = sourcecode.swift; path = Reflectable.swift; sourceTree = "<group>"; };
		54A611931BA8212C009299A6 /* Cloneable.swift */ = {isa = PBXFileReference; fileEncoding = 4; lastKnownFileType = sourcecode.swift; path = Cloneable.swift; sourceTree = "<group>"; };
		54BBD9261BD7CEB300BAFFA2 /* Team+CoreDataProperties.swift */ = {isa = PBXFileReference; fileEncoding = 4; lastKnownFileType = sourcecode.swift; path = "Team+CoreDataProperties.swift"; sourceTree = "<group>"; };
		54BBD9271BD7CEB300BAFFA2 /* Team.swift */ = {isa = PBXFileReference; fileEncoding = 4; lastKnownFileType = sourcecode.swift; path = Team.swift; sourceTree = "<group>"; };
		54BBD93A1BD7DF5200BAFFA2 /* OwnedCharacter+CoreDataProperties.swift */ = {isa = PBXFileReference; fileEncoding = 4; lastKnownFileType = sourcecode.swift; path = "OwnedCharacter+CoreDataProperties.swift"; sourceTree = "<group>"; };
		54BBD93B1BD7DF5200BAFFA2 /* OwnedCharacter.swift */ = {isa = PBXFileReference; fileEncoding = 4; lastKnownFileType = sourcecode.swift; path = OwnedCharacter.swift; sourceTree = "<group>"; };
		54BBD93E1BD7E0C700BAFFA2 /* ch01.png */ = {isa = PBXFileReference; lastKnownFileType = image.png; path = ch01.png; sourceTree = "<group>"; };
		54BBD9401BD7F9ED00BAFFA2 /* NotifyNextRound.swift */ = {isa = PBXFileReference; fileEncoding = 4; lastKnownFileType = sourcecode.swift; path = NotifyNextRound.swift; sourceTree = "<group>"; };
		54BBD9421BD94DFB00BAFFA2 /* TimerUI.swift */ = {isa = PBXFileReference; fileEncoding = 4; lastKnownFileType = sourcecode.swift; path = TimerUI.swift; sourceTree = "<group>"; };
		54BEFB9C1BF5E42A00DAFA05 /* Building.swift */ = {isa = PBXFileReference; fileEncoding = 4; lastKnownFileType = sourcecode.swift; path = Building.swift; sourceTree = "<group>"; };
		54BEFBB11BF63B0100DAFA05 /* building_0000_2.png */ = {isa = PBXFileReference; lastKnownFileType = image.png; path = building_0000_2.png; sourceTree = "<group>"; };
		54BEFBB21BF63B0100DAFA05 /* building_0001_1.png */ = {isa = PBXFileReference; lastKnownFileType = image.png; path = building_0001_1.png; sourceTree = "<group>"; };
		54BEFBC21BF7581F00DAFA05 /* human_down.png */ = {isa = PBXFileReference; lastKnownFileType = image.png; path = human_down.png; sourceTree = "<group>"; };
		54BEFBC31BF7581F00DAFA05 /* human_up.png */ = {isa = PBXFileReference; lastKnownFileType = image.png; path = human_up.png; sourceTree = "<group>"; };
		54BEFBC61BF77CCA00DAFA05 /* human_full.png */ = {isa = PBXFileReference; lastKnownFileType = image.png; path = human_full.png; sourceTree = "<group>"; };
		54BEFBC81BF9DA5A00DAFA05 /* ground.png */ = {isa = PBXFileReference; lastKnownFileType = image.png; path = ground.png; sourceTree = "<group>"; };
		54BEFBCA1BFA0B4B00DAFA05 /* SpawnPoint.swift */ = {isa = PBXFileReference; fileEncoding = 4; lastKnownFileType = sourcecode.swift; path = SpawnPoint.swift; sourceTree = "<group>"; };
		54BEFBCC1BFA122E00DAFA05 /* Spawnable.swift */ = {isa = PBXFileReference; fileEncoding = 4; lastKnownFileType = sourcecode.swift; path = Spawnable.swift; sourceTree = "<group>"; };
		54BEFBCE1BFA1A6200DAFA05 /* SmallObject.swift */ = {isa = PBXFileReference; fileEncoding = 4; lastKnownFileType = sourcecode.swift; path = SmallObject.swift; sourceTree = "<group>"; };
		54BEFBD01BFA259700DAFA05 /* Enterable.swift */ = {isa = PBXFileReference; fileEncoding = 4; lastKnownFileType = sourcecode.swift; path = Enterable.swift; sourceTree = "<group>"; };
		54BEFBD21BFA26DF00DAFA05 /* TargetPoint.swift */ = {isa = PBXFileReference; fileEncoding = 4; lastKnownFileType = sourcecode.swift; path = TargetPoint.swift; sourceTree = "<group>"; };
		54D44C171BD765DD00B24EE6 /* Model.xcdatamodel */ = {isa = PBXFileReference; lastKnownFileType = wrapper.xcdatamodel; path = Model.xcdatamodel; sourceTree = "<group>"; };
		54D44C1A1BD765F700B24EE6 /* MissionsController.swift */ = {isa = PBXFileReference; fileEncoding = 4; lastKnownFileType = sourcecode.swift; path = MissionsController.swift; sourceTree = "<group>"; };
		54D44C1D1BD7660300B24EE6 /* ConfirmWindow.swift */ = {isa = PBXFileReference; fileEncoding = 4; lastKnownFileType = sourcecode.swift; name = ConfirmWindow.swift; path = Model/ConfirmWindow.swift; sourceTree = "<group>"; };
		54D44C1F1BD7660F00B24EE6 /* MainMenuController.swift */ = {isa = PBXFileReference; fileEncoding = 4; lastKnownFileType = sourcecode.swift; name = MainMenuController.swift; path = Model/MainMenuController.swift; sourceTree = "<group>"; };
		54D44C211BD7661C00B24EE6 /* PlayerInfo.swift */ = {isa = PBXFileReference; fileEncoding = 4; lastKnownFileType = sourcecode.swift; name = PlayerInfo.swift; path = Model/PlayerInfo.swift; sourceTree = "<group>"; };
		54D44C221BD7661C00B24EE6 /* PlayerInfo+CoreDataProperties.swift */ = {isa = PBXFileReference; fileEncoding = 4; lastKnownFileType = sourcecode.swift; name = "PlayerInfo+CoreDataProperties.swift"; path = "Model/PlayerInfo+CoreDataProperties.swift"; sourceTree = "<group>"; };
		54D6A1FA1BE7B80100B23C65 /* UIBackground.png */ = {isa = PBXFileReference; lastKnownFileType = image.png; path = UIBackground.png; sourceTree = "<group>"; };
		54D6A1FC1BE7BCD600B23C65 /* waveBtn.png */ = {isa = PBXFileReference; lastKnownFileType = image.png; path = waveBtn.png; sourceTree = "<group>"; };
		54D6A1FE1BE7D5E400B23C65 /* clock.png */ = {isa = PBXFileReference; lastKnownFileType = image.png; path = clock.png; sourceTree = "<group>"; };
		54D6A2011BE7E3D500B23C65 /* blueSlime.png */ = {isa = PBXFileReference; lastKnownFileType = image.png; path = blueSlime.png; sourceTree = "<group>"; };
		54D6A2021BE7E3D500B23C65 /* greenSlime.png */ = {isa = PBXFileReference; lastKnownFileType = image.png; path = greenSlime.png; sourceTree = "<group>"; };
		54D6A2041BE7E3D500B23C65 /* purpleSlime.png */ = {isa = PBXFileReference; lastKnownFileType = image.png; path = purpleSlime.png; sourceTree = "<group>"; };
		54D6A2051BE7E3D500B23C65 /* redSlime.png */ = {isa = PBXFileReference; lastKnownFileType = image.png; path = redSlime.png; sourceTree = "<group>"; };
		54D6A2061BE7E3D500B23C65 /* yellowSlime.png */ = {isa = PBXFileReference; lastKnownFileType = image.png; path = yellowSlime.png; sourceTree = "<group>"; };
		54E0906F1BF259610055D5F9 /* mainBack.png */ = {isa = PBXFileReference; lastKnownFileType = image.png; path = mainBack.png; sourceTree = "<group>"; };
		54E090711BF25C590055D5F9 /* menuBack.png */ = {isa = PBXFileReference; lastKnownFileType = image.png; path = menuBack.png; sourceTree = "<group>"; };
		54E090731BF270740055D5F9 /* FrameTimer.swift */ = {isa = PBXFileReference; fileEncoding = 4; lastKnownFileType = sourcecode.swift; path = FrameTimer.swift; sourceTree = "<group>"; };
		54E090751BF3976E0055D5F9 /* Ground.swift */ = {isa = PBXFileReference; fileEncoding = 4; lastKnownFileType = sourcecode.swift; path = Ground.swift; sourceTree = "<group>"; };
		54E7D3231BEA05D300C6EA57 /* packet.png */ = {isa = PBXFileReference; lastKnownFileType = image.png; path = packet.png; sourceTree = "<group>"; };
		54E7D3251BEA4B1F00C6EA57 /* Hit.png */ = {isa = PBXFileReference; lastKnownFileType = image.png; path = Hit.png; sourceTree = "<group>"; };
		54E7D3281BEA65EE00C6EA57 /* PassedMission+CoreDataProperties.swift */ = {isa = PBXFileReference; fileEncoding = 4; lastKnownFileType = sourcecode.swift; path = "PassedMission+CoreDataProperties.swift"; sourceTree = "<group>"; };
		54E7D3291BEA65EE00C6EA57 /* PassedMission.swift */ = {isa = PBXFileReference; fileEncoding = 4; lastKnownFileType = sourcecode.swift; path = PassedMission.swift; sourceTree = "<group>"; };
		54E7D32C1BEA665E00C6EA57 /* CoreDataExtension.swift */ = {isa = PBXFileReference; fileEncoding = 4; lastKnownFileType = sourcecode.swift; path = CoreDataExtension.swift; sourceTree = "<group>"; };
		54E7D32E1BEA726C00C6EA57 /* mission2.json */ = {isa = PBXFileReference; fileEncoding = 4; lastKnownFileType = text.json; path = mission2.json; sourceTree = "<group>"; };
		54EDF1BC1BFB72E100671C07 /* Blood.sks */ = {isa = PBXFileReference; lastKnownFileType = file.sks; name = Blood.sks; path = ../../Blood.sks; sourceTree = "<group>"; };
		54EDF1C01BFBAEB700671C07 /* strangeEybal.png */ = {isa = PBXFileReference; lastKnownFileType = image.png; path = strangeEybal.png; sourceTree = "<group>"; };
		54EDF1C21BFBB12E00671C07 /* Enemy.swift */ = {isa = PBXFileReference; fileEncoding = 4; lastKnownFileType = sourcecode.swift; path = Enemy.swift; sourceTree = "<group>"; };
		54EDF1C41BFBB25F00671C07 /* EyeBallMan.swift */ = {isa = PBXFileReference; fileEncoding = 4; lastKnownFileType = sourcecode.swift; path = EyeBallMan.swift; sourceTree = "<group>"; };
		54EDF1C61BFBB44200671C07 /* SmallMovableObject.swift */ = {isa = PBXFileReference; fileEncoding = 4; lastKnownFileType = sourcecode.swift; path = SmallMovableObject.swift; sourceTree = "<group>"; };
		54EDF1C81BFF5FE400671C07 /* BadyDragon.swift */ = {isa = PBXFileReference; fileEncoding = 4; lastKnownFileType = sourcecode.swift; path = BadyDragon.swift; sourceTree = "<group>"; };
		54EDF1CA1BFF607700671C07 /* Baby_Dragon.png */ = {isa = PBXFileReference; lastKnownFileType = image.png; path = Baby_Dragon.png; sourceTree = "<group>"; };
		54EDF1CC1BFF77FC00671C07 /* AnimateHelper.swift */ = {isa = PBXFileReference; fileEncoding = 4; lastKnownFileType = sourcecode.swift; path = AnimateHelper.swift; sourceTree = "<group>"; };
		54EDF1CE1C00783A00671C07 /* TripleBulletAttack.swift */ = {isa = PBXFileReference; fileEncoding = 4; lastKnownFileType = sourcecode.swift; path = TripleBulletAttack.swift; sourceTree = "<group>"; };
		54F8D8881BB04271009E9654 /* GameObjectFactory.swift */ = {isa = PBXFileReference; fileEncoding = 4; lastKnownFileType = sourcecode.swift; path = GameObjectFactory.swift; sourceTree = "<group>"; };
		54F8D88F1BB05444009E9654 /* mission1.json */ = {isa = PBXFileReference; fileEncoding = 4; lastKnownFileType = text.json; path = mission1.json; sourceTree = "<group>"; };
		54F8D8911BB05719009E9654 /* Mission.swift */ = {isa = PBXFileReference; fileEncoding = 4; lastKnownFileType = sourcecode.swift; path = Mission.swift; sourceTree = "<group>"; };
		54F8D8931BB05879009E9654 /* SubMission.swift */ = {isa = PBXFileReference; fileEncoding = 4; lastKnownFileType = sourcecode.swift; path = SubMission.swift; sourceTree = "<group>"; };
		54F8D8951BB1D29B009E9654 /* HpBar.swift */ = {isa = PBXFileReference; fileEncoding = 4; lastKnownFileType = sourcecode.swift; path = HpBar.swift; sourceTree = "<group>"; };
		54F8D8971BB1D943009E9654 /* redbar.png */ = {isa = PBXFileReference; lastKnownFileType = image.png; path = redbar.png; sourceTree = "<group>"; };
		5F01C9EB1BD4A8850003C711 /* SkillManager.swift */ = {isa = PBXFileReference; fileEncoding = 4; lastKnownFileType = sourcecode.swift; path = SkillManager.swift; sourceTree = "<group>"; };
		5F01C9F31BD4AE8D0003C711 /* TeamScene.swift */ = {isa = PBXFileReference; fileEncoding = 4; lastKnownFileType = sourcecode.swift; path = TeamScene.swift; sourceTree = "<group>"; };
		5F411C171BD771C10003B89D /* CharacterSlot.swift */ = {isa = PBXFileReference; fileEncoding = 4; lastKnownFileType = sourcecode.swift; path = CharacterSlot.swift; sourceTree = "<group>"; };
		5F411C191BD771DF0003B89D /* CharacterButton.swift */ = {isa = PBXFileReference; fileEncoding = 4; lastKnownFileType = sourcecode.swift; path = CharacterButton.swift; sourceTree = "<group>"; };
		5F71B6A41BDA0144002F49B5 /* Interactable.swift */ = {isa = PBXFileReference; fileEncoding = 4; lastKnownFileType = sourcecode.swift; path = Interactable.swift; sourceTree = "<group>"; };
		5F71B6A71BDA2429002F49B5 /* CharScene.swift */ = {isa = PBXFileReference; fileEncoding = 4; lastKnownFileType = sourcecode.swift; path = CharScene.swift; sourceTree = "<group>"; };
		5F71B6A91BDCAB3D002F49B5 /* TransitableScene.swift */ = {isa = PBXFileReference; fileEncoding = 4; lastKnownFileType = sourcecode.swift; path = TransitableScene.swift; sourceTree = "<group>"; };
		5F71B6AB1BDCEEBA002F49B5 /* BackButton.swift */ = {isa = PBXFileReference; fileEncoding = 4; lastKnownFileType = sourcecode.swift; path = BackButton.swift; sourceTree = "<group>"; };
/* End PBXFileReference section */

/* Begin PBXFrameworksBuildPhase section */
		544F055A1BA305CD00AC1BBD /* Frameworks */ = {
			isa = PBXFrameworksBuildPhase;
			buildActionMask = 2147483647;
			files = (
			);
			runOnlyForDeploymentPostprocessing = 0;
		};
		544F05721BA305CD00AC1BBD /* Frameworks */ = {
			isa = PBXFrameworksBuildPhase;
			buildActionMask = 2147483647;
			files = (
			);
			runOnlyForDeploymentPostprocessing = 0;
		};
		544F057D1BA305CD00AC1BBD /* Frameworks */ = {
			isa = PBXFrameworksBuildPhase;
			buildActionMask = 2147483647;
			files = (
			);
			runOnlyForDeploymentPostprocessing = 0;
		};
/* End PBXFrameworksBuildPhase section */

/* Begin PBXGroup section */
		5420A5D91BBE713A000F2E14 /* Enemy */ = {
			isa = PBXGroup;
			children = (
				54EDF1C21BFBB12E00671C07 /* Enemy.swift */,
				54EDF1C41BFBB25F00671C07 /* EyeBallMan.swift */,
				54EDF1C81BFF5FE400671C07 /* BadyDragon.swift */,
			);
			name = Enemy;
			sourceTree = "<group>";
		};
		5420A5DC1BBE7545000F2E14 /* EnemyAction */ = {
			isa = PBXGroup;
			children = (
				5420A5DF1BBE75C0000F2E14 /* EnemyAction.swift */,
				5420A5DD1BBE75AE000F2E14 /* DirectAttack.swift */,
				54EDF1CE1C00783A00671C07 /* TripleBulletAttack.swift */,
			);
			name = EnemyAction;
			sourceTree = "<group>";
		};
		5420A5E51BC03F2D000F2E14 /* DestObj */ = {
			isa = PBXGroup;
			children = (
				548A6D1A1C04DF7400A4F42E /* Meterorolite.swift */,
				5420A5D91BBE713A000F2E14 /* Enemy */,
				54553E361BA6FCD400A38B18 /* DestructibleObject.swift */,
				5433C31A1BF4F1E300C87116 /* Human.swift */,
				54BEFB9C1BF5E42A00DAFA05 /* Building.swift */,
				54BEFBCE1BFA1A6200DAFA05 /* SmallObject.swift */,
				54EDF1C61BFBB44200671C07 /* SmallMovableObject.swift */,
			);
			name = DestObj;
			sourceTree = "<group>";
		};
		5420A5EA1BC050C0000F2E14 /* Skill */ = {
			isa = PBXGroup;
			children = (
				5420A5EB1BC05206000F2E14 /* Skill.swift */,
				5F01C9EB1BD4A8850003C711 /* SkillManager.swift */,
				547322E31BF0962900FC2925 /* HealSkill.swift */,
				54934F4D1C0218FA00797C8C /* DoubleAttackSkill.swift */,
				54934F4F1C02265600797C8C /* SpeedChargingSkill.swift */,
				54934F551C0388F500797C8C /* BarrierSkill.swift */,
				54934F5B1C038EA700797C8C /* Barrier.swift */,
				548A6D201C04EA1C00A4F42E /* MeterSkill.swift */,
			);
			name = Skill;
			path = Model;
			sourceTree = "<group>";
		};
		5420A6021BC2FCBB000F2E14 /* UI */ = {
			isa = PBXGroup;
			children = (
				54EDF1BC1BFB72E100671C07 /* Blood.sks */,
				544B60F21BCA22800064B8AE /* WaveUI */,
				54F8D8951BB1D29B009E9654 /* HpBar.swift */,
				5420A6031BC38542000F2E14 /* ActRoundLabel.swift */,
				5420A6051BC404E0000F2E14 /* ResultUI.swift */,
				54BBD9421BD94DFB00BAFFA2 /* TimerUI.swift */,
				549D82C91BE79C4500907150 /* HpLabel.swift */,
				5491890A1BFB3C9E004764E4 /* ScoreFlashMsg.swift */,
				5491890C1BFB4FCB004764E4 /* ScoreLabel.swift */,
				5491891C1BFB6218004764E4 /* Smoke.sks */,
				5491891D1BFB6218004764E4 /* spark.png */,
				549189201BFB623C004764E4 /* Fire.sks */,
				54934F331C00F68300797C8C /* WaveGeneratorUI.swift */,
				54934F371C012C5100797C8C /* StoringPowerBallUI.swift */,
				54934F391C01A22000797C8C /* EnergyFire.sks */,
				54934F3B1C01A2A200797C8C /* Spark.sks */,
				54934F4B1C01E6AB00797C8C /* AnnouncementUI.swift */,
				548A6D1E1C04E96500A4F42E /* MeterFIre.sks */,
			);
			name = UI;
			sourceTree = "<group>";
		};
		5433C31C1BF4FE7000C87116 /* dest */ = {
			isa = PBXGroup;
			children = (
				548A6D1C1C04E10000A4F42E /* rock.png */,
				54EDF1CA1BFF607700671C07 /* Baby_Dragon.png */,
				54EDF1C01BFBAEB700671C07 /* strangeEybal.png */,
				54BEFBB51BF673CF00DAFA05 /* human */,
				54BEFB9E1BF5E5D900DAFA05 /* building */,
			);
			name = dest;
			sourceTree = "<group>";
		};
		544B60F21BCA22800064B8AE /* WaveUI */ = {
			isa = PBXGroup;
			children = (
				544B60F31BCA4A8E0064B8AE /* UIWaveButton.swift */,
				544B60E21BCA22710064B8AE /* UICharacterButton.swift */,
				544B60E31BCA22710064B8AE /* UINode.swift */,
			);
			name = WaveUI;
			path = ..;
			sourceTree = "<group>";
		};
		544F05541BA305CD00AC1BBD = {
			isa = PBXGroup;
			children = (
				544F055F1BA305CD00AC1BBD /* WaveAttack */,
				544F05781BA305CD00AC1BBD /* WaveAttackTests */,
				544F05831BA305CD00AC1BBD /* WaveAttackUITests */,
				544F055E1BA305CD00AC1BBD /* Products */,
			);
			sourceTree = "<group>";
		};
		544F055E1BA305CD00AC1BBD /* Products */ = {
			isa = PBXGroup;
			children = (
				544F055D1BA305CD00AC1BBD /* WaveAttack.app */,
				544F05751BA305CD00AC1BBD /* WaveAttackTests.xctest */,
				544F05801BA305CD00AC1BBD /* WaveAttackUITests.xctest */,
			);
			name = Products;
			sourceTree = "<group>";
		};
		544F055F1BA305CD00AC1BBD /* WaveAttack */ = {
			isa = PBXGroup;
			children = (
				54E7D3271BEA65AC00C6EA57 /* CoreData */,
				54D44C1F1BD7660F00B24EE6 /* MainMenuController.swift */,
				54D44C1D1BD7660300B24EE6 /* ConfirmWindow.swift */,
				54D44C1A1BD765F700B24EE6 /* MissionsController.swift */,
				54D44C161BD765DD00B24EE6 /* Model.xcdatamodeld */,
				5F01C9EF1BD4ABD90003C711 /* Character */,
				5F01C9EE1BD4AA400003C711 /* Helper */,
				54F8D8871BB03AAE009E9654 /* mission */,
				54553E3A1BA6FE7400A38B18 /* image */,
				54553E331BA6F3E400A38B18 /* Common */,
				5474C5621BA320B00015C861 /* GameScene */,
				5F01C9F21BD4AD360003C711 /* TeamScene */,
				5F71B6A61BDA137E002F49B5 /* CharScene */,
				5F01C9F61BD4B68B0003C711 /* MenuScene */,
				5F01C9F71BD4B6AB0003C711 /* MissionScene */,
				544F05601BA305CD00AC1BBD /* AppDelegate.swift */,
				544F05661BA305CD00AC1BBD /* GameViewController.swift */,
				544F05681BA305CD00AC1BBD /* Main.storyboard */,
				544F056B1BA305CD00AC1BBD /* Assets.xcassets */,
				544F056D1BA305CD00AC1BBD /* LaunchScreen.storyboard */,
				544F05701BA305CD00AC1BBD /* Info.plist */,
				5412854F1BA548E700EB4A05 /* GameScene.sks */,
			);
			path = WaveAttack;
			sourceTree = "<group>";
		};
		544F05781BA305CD00AC1BBD /* WaveAttackTests */ = {
			isa = PBXGroup;
			children = (
				544F05791BA305CD00AC1BBD /* WaveAttackTests.swift */,
				544F057B1BA305CD00AC1BBD /* Info.plist */,
			);
			path = WaveAttackTests;
			sourceTree = "<group>";
		};
		544F05831BA305CD00AC1BBD /* WaveAttackUITests */ = {
			isa = PBXGroup;
			children = (
				544F05841BA305CD00AC1BBD /* WaveAttackUITests.swift */,
				544F05861BA305CD00AC1BBD /* Info.plist */,
			);
			path = WaveAttackUITests;
			sourceTree = "<group>";
		};
		54553E331BA6F3E400A38B18 /* Common */ = {
			isa = PBXGroup;
			children = (
				5420A6101BC6747E000F2E14 /* ButtonUI.swift */,
				54A611901BA810DC009299A6 /* Protocol */,
				54553E341BA6F3F700A38B18 /* Extension.swift */,
				54F8D8881BB04271009E9654 /* GameObjectFactory.swift */,
				5420A60E1BC589A8000F2E14 /* TextureTools.swift */,
				5F71B6A91BDCAB3D002F49B5 /* TransitableScene.swift */,
				5F71B6AB1BDCEEBA002F49B5 /* BackButton.swift */,
				549D82B11BDFD18500907150 /* DraggableNode.swift */,
				54EDF1CC1BFF77FC00671C07 /* AnimateHelper.swift */,
			);
			name = Common;
			sourceTree = "<group>";
		};
		54553E3A1BA6FE7400A38B18 /* image */ = {
			isa = PBXGroup;
			children = (
				548A6D151C04705300A4F42E /* skill */,
				54934F611C03A99800797C8C /* using.png */,
				54934F5F1C03A46200797C8C /* teamBorder.png */,
				54934F531C03829E00797C8C /* border.png */,
				54934F491C01E65800797C8C /* announcement.png */,
				54934F2A1C00EAB700797C8C /* playerArea */,
				54BEFBC81BF9DA5A00DAFA05 /* ground.png */,
				5433C31C1BF4FE7000C87116 /* dest */,
				54E090711BF25C590055D5F9 /* menuBack.png */,
				54E0906F1BF259610055D5F9 /* mainBack.png */,
				54E7D3251BEA4B1F00C6EA57 /* Hit.png */,
				54E7D3231BEA05D300C6EA57 /* packet.png */,
				54D6A2001BE7E3D500B23C65 /* characters */,
				54D6A1FE1BE7D5E400B23C65 /* clock.png */,
				54D6A1FC1BE7BCD600B23C65 /* waveBtn.png */,
				54D6A1FA1BE7B80100B23C65 /* UIBackground.png */,
				549D82C71BE7535E00907150 /* YellowMonster.png */,
				549D82C31BE74E1700907150 /* Burnt Coal Ashes Tiling.png */,
				549D82C11BE33CA400907150 /* DaytimeSky.png */,
				549D82BF1BE33C3800907150 /* sky.png */,
				54BBD93E1BD7E0C700BAFFA2 /* ch01.png */,
				5420A60C1BC572E5000F2E14 /* crack.png */,
				5420A5E81BC04935000F2E14 /* Oval.png */,
				5420A5E31BC01915000F2E14 /* beams.png */,
				5420A5D71BBE7112000F2E14 /* Snail.png */,
				54F8D8971BB1D943009E9654 /* redbar.png */,
				54553E3B1BA6FE9200A38B18 /* box.png */,
			);
			name = image;
			sourceTree = "<group>";
		};
		5474C5621BA320B00015C861 /* GameScene */ = {
			isa = PBXGroup;
			children = (
				5420A6021BC2FCBB000F2E14 /* UI */,
				5420A5E51BC03F2D000F2E14 /* DestObj */,
				5420A5DC1BBE7545000F2E14 /* EnemyAction */,
				5F01C9F01BD4AC020003C711 /* EnergyPacket */,
				5F01C9F11BD4AC170003C711 /* Terrain */,
				54553E311BA5C3A900A38B18 /* CustomSKNode.swift */,
				5474C5631BA321A30015C861 /* GameObject.swift */,
				54553E2B1BA57B6200A38B18 /* GameLayer.swift */,
				54F8D8911BB05719009E9654 /* Mission.swift */,
				54F8D8931BB05879009E9654 /* SubMission.swift */,
				54A55BAA1BBA97A70039D744 /* InfoLayer.swift */,
				54A55BAC1BBA9B1F0039D744 /* Player.swift */,
				5420A5E11BBEF1AB000F2E14 /* Event.swift */,
				544F05641BA305CD00AC1BBD /* GameScene.swift */,
				54E090731BF270740055D5F9 /* FrameTimer.swift */,
				54BEFBCA1BFA0B4B00DAFA05 /* SpawnPoint.swift */,
				54BEFBCC1BFA122E00DAFA05 /* Spawnable.swift */,
				54BEFBD01BFA259700DAFA05 /* Enterable.swift */,
				54BEFBD21BFA26DF00DAFA05 /* TargetPoint.swift */,
			);
			name = GameScene;
			path = Model;
			sourceTree = "<group>";
		};
		548A6D151C04705300A4F42E /* skill */ = {
			isa = PBXGroup;
			children = (
				548A6D221C04EC9D00A4F42E /* 45arrow.png */,
				54934F5D1C0398BF00797C8C /* barrier.png */,
				548A6D161C04706900A4F42E /* numUp.png */,
				548A6D171C04706900A4F42E /* timeDown.png */,
			);
			name = skill;
			sourceTree = "<group>";
		};
		54934F2A1C00EAB700797C8C /* playerArea */ = {
			isa = PBXGroup;
			children = (
				54934F431C01BD5F00797C8C /* decreaseHp.png */,
				54934F441C01BD5F00797C8C /* increaseHp.png */,
				54934F3D1C01AFC700797C8C /* atkBtn.png */,
				54934F351C01297A00797C8C /* attack.png */,
				54934F311C00ED8F00797C8C /* alien1.png */,
				54934F2C1C00EC7300797C8C /* door.png */,
				54934F2D1C00EC7300797C8C /* gun.png */,
			);
			name = playerArea;
			sourceTree = "<group>";
		};
		54A611901BA810DC009299A6 /* Protocol */ = {
			isa = PBXGroup;
			children = (
				546F54141BA32E1F00EB576B /* Refractable.swift */,
				54A611911BA81EEC009299A6 /* Reflectable.swift */,
				54A611931BA8212C009299A6 /* Cloneable.swift */,
				5420A6121BC6F322000F2E14 /* Clickable.swift */,
				5F71B6A41BDA0144002F49B5 /* Interactable.swift */,
				54BBD9401BD7F9ED00BAFFA2 /* NotifyNextRound.swift */,
				54934F591C038AB200797C8C /* ContactListener.swift */,
			);
			name = Protocol;
			sourceTree = "<group>";
		};
		54BEFB9E1BF5E5D900DAFA05 /* building */ = {
			isa = PBXGroup;
			children = (
				54BEFBB11BF63B0100DAFA05 /* building_0000_2.png */,
				54BEFBB21BF63B0100DAFA05 /* building_0001_1.png */,
				5433C3281BF4FEBD00C87116 /* building.png */,
			);
			name = building;
			sourceTree = "<group>";
		};
		54BEFBB51BF673CF00DAFA05 /* human */ = {
			isa = PBXGroup;
			children = (
				54BEFBC61BF77CCA00DAFA05 /* human_full.png */,
				54BEFBC21BF7581F00DAFA05 /* human_down.png */,
				54BEFBC31BF7581F00DAFA05 /* human_up.png */,
			);
			name = human;
			sourceTree = "<group>";
		};
		54D6A2001BE7E3D500B23C65 /* characters */ = {
			isa = PBXGroup;
			children = (
				54D6A2011BE7E3D500B23C65 /* blueSlime.png */,
				54D6A2021BE7E3D500B23C65 /* greenSlime.png */,
				54D6A2041BE7E3D500B23C65 /* purpleSlime.png */,
				54D6A2051BE7E3D500B23C65 /* redSlime.png */,
				54D6A2061BE7E3D500B23C65 /* yellowSlime.png */,
			);
			path = characters;
			sourceTree = "<group>";
		};
		54E7D3271BEA65AC00C6EA57 /* CoreData */ = {
			isa = PBXGroup;
			children = (
				54D44C211BD7661C00B24EE6 /* PlayerInfo.swift */,
				54D44C221BD7661C00B24EE6 /* PlayerInfo+CoreDataProperties.swift */,
				54E7D3281BEA65EE00C6EA57 /* PassedMission+CoreDataProperties.swift */,
				54E7D3291BEA65EE00C6EA57 /* PassedMission.swift */,
				54E7D32C1BEA665E00C6EA57 /* CoreDataExtension.swift */,
			);
			name = CoreData;
			sourceTree = "<group>";
		};
		54F8D8871BB03AAE009E9654 /* mission */ = {
			isa = PBXGroup;
			children = (
				54E7D32E1BEA726C00C6EA57 /* mission2.json */,
				54F8D88F1BB05444009E9654 /* mission1.json */,
			);
			name = mission;
			sourceTree = "<group>";
		};
		5F01C9ED1BD4A9BB0003C711 /* Wave */ = {
			isa = PBXGroup;
			children = (
				544B60E51BCA22710064B8AE /* Wave.swift */,
				544B60E61BCA22710064B8AE /* WaveFactory.swift */,
			);
			name = Wave;
			sourceTree = "<group>";
		};
		5F01C9EE1BD4AA400003C711 /* Helper */ = {
			isa = PBXGroup;
			children = (
				544B60DF1BCA22710064B8AE /* JSONHelper.swift */,
				544B60E01BCA22710064B8AE /* MathHelper.swift */,
				544B60E11BCA22710064B8AE /* PointerHelper.swift */,
			);
			name = Helper;
			sourceTree = "<group>";
		};
		5F01C9EF1BD4ABD90003C711 /* Character */ = {
			isa = PBXGroup;
			children = (
				5420A5EA1BC050C0000F2E14 /* Skill */,
				5F01C9ED1BD4A9BB0003C711 /* Wave */,
				544B60DC1BCA22710064B8AE /* Character.swift */,
				544B60DD1BCA22710064B8AE /* CharacterManager.swift */,
				544B60DE1BCA22710064B8AE /* characters.json */,
				54BBD9261BD7CEB300BAFFA2 /* Team+CoreDataProperties.swift */,
				54BBD9271BD7CEB300BAFFA2 /* Team.swift */,
				54BBD93A1BD7DF5200BAFFA2 /* OwnedCharacter+CoreDataProperties.swift */,
				54BBD93B1BD7DF5200BAFFA2 /* OwnedCharacter.swift */,
			);
			name = Character;
			sourceTree = "<group>";
		};
		5F01C9F01BD4AC020003C711 /* EnergyPacket */ = {
			isa = PBXGroup;
			children = (
				5474C5651BA3242E0015C861 /* EnergyPacket.swift */,
				546F54121BA32DE400EB576B /* NormalEnergyPacket.swift */,
			);
			name = EnergyPacket;
			sourceTree = "<group>";
		};
		5F01C9F11BD4AC170003C711 /* Terrain */ = {
			isa = PBXGroup;
			children = (
				54553E2D1BA5BEC100A38B18 /* Medium.swift */,
				549D82A91BDA3F5D00907150 /* Air.swift */,
				54E090751BF3976E0055D5F9 /* Ground.swift */,
			);
			name = Terrain;
			sourceTree = "<group>";
		};
		5F01C9F21BD4AD360003C711 /* TeamScene */ = {
			isa = PBXGroup;
			children = (
				5F01C9F31BD4AE8D0003C711 /* TeamScene.swift */,
				5F411C171BD771C10003B89D /* CharacterSlot.swift */,
				5F411C191BD771DF0003B89D /* CharacterButton.swift */,
			);
			name = TeamScene;
			sourceTree = "<group>";
		};
		5F01C9F61BD4B68B0003C711 /* MenuScene */ = {
			isa = PBXGroup;
			children = (
				549D82AD1BDF76A500907150 /* MainMenu.swift */,
			);
			name = MenuScene;
			sourceTree = "<group>";
		};
		5F01C9F71BD4B6AB0003C711 /* MissionScene */ = {
			isa = PBXGroup;
			children = (
				549D82AF1BDFCBA100907150 /* MissionScene.swift */,
				549D82B31BE211ED00907150 /* MissionButton.swift */,
			);
			name = MissionScene;
			sourceTree = "<group>";
		};
		5F71B6A61BDA137E002F49B5 /* CharScene */ = {
			isa = PBXGroup;
			children = (
				5F71B6A71BDA2429002F49B5 /* CharScene.swift */,
			);
			name = CharScene;
			sourceTree = "<group>";
		};
/* End PBXGroup section */

/* Begin PBXNativeTarget section */
		544F055C1BA305CD00AC1BBD /* WaveAttack */ = {
			isa = PBXNativeTarget;
			buildConfigurationList = 544F05891BA305CD00AC1BBD /* Build configuration list for PBXNativeTarget "WaveAttack" */;
			buildPhases = (
				544F05591BA305CD00AC1BBD /* Sources */,
				544F055A1BA305CD00AC1BBD /* Frameworks */,
				544F055B1BA305CD00AC1BBD /* Resources */,
			);
			buildRules = (
			);
			dependencies = (
			);
			name = WaveAttack;
			productName = WaveAttack;
			productReference = 544F055D1BA305CD00AC1BBD /* WaveAttack.app */;
			productType = "com.apple.product-type.application";
		};
		544F05741BA305CD00AC1BBD /* WaveAttackTests */ = {
			isa = PBXNativeTarget;
			buildConfigurationList = 544F058C1BA305CD00AC1BBD /* Build configuration list for PBXNativeTarget "WaveAttackTests" */;
			buildPhases = (
				544F05711BA305CD00AC1BBD /* Sources */,
				544F05721BA305CD00AC1BBD /* Frameworks */,
				544F05731BA305CD00AC1BBD /* Resources */,
			);
			buildRules = (
			);
			dependencies = (
				544F05771BA305CD00AC1BBD /* PBXTargetDependency */,
			);
			name = WaveAttackTests;
			productName = WaveAttackTests;
			productReference = 544F05751BA305CD00AC1BBD /* WaveAttackTests.xctest */;
			productType = "com.apple.product-type.bundle.unit-test";
		};
		544F057F1BA305CD00AC1BBD /* WaveAttackUITests */ = {
			isa = PBXNativeTarget;
			buildConfigurationList = 544F058F1BA305CD00AC1BBD /* Build configuration list for PBXNativeTarget "WaveAttackUITests" */;
			buildPhases = (
				544F057C1BA305CD00AC1BBD /* Sources */,
				544F057D1BA305CD00AC1BBD /* Frameworks */,
				544F057E1BA305CD00AC1BBD /* Resources */,
			);
			buildRules = (
			);
			dependencies = (
				544F05821BA305CD00AC1BBD /* PBXTargetDependency */,
			);
			name = WaveAttackUITests;
			productName = WaveAttackUITests;
			productReference = 544F05801BA305CD00AC1BBD /* WaveAttackUITests.xctest */;
			productType = "com.apple.product-type.bundle.ui-testing";
		};
/* End PBXNativeTarget section */

/* Begin PBXProject section */
		544F05551BA305CD00AC1BBD /* Project object */ = {
			isa = PBXProject;
			attributes = {
				LastSwiftMigration = 0710;
				LastSwiftUpdateCheck = 0710;
				LastUpgradeCheck = 0700;
				TargetAttributes = {
					544F055C1BA305CD00AC1BBD = {
						CreatedOnToolsVersion = 7.0;
						DevelopmentTeam = S3F69EJHG7;
					};
					544F05741BA305CD00AC1BBD = {
						CreatedOnToolsVersion = 7.0;
						TestTargetID = 544F055C1BA305CD00AC1BBD;
					};
					544F057F1BA305CD00AC1BBD = {
						CreatedOnToolsVersion = 7.0;
						TestTargetID = 544F055C1BA305CD00AC1BBD;
					};
				};
			};
			buildConfigurationList = 544F05581BA305CD00AC1BBD /* Build configuration list for PBXProject "WaveAttack" */;
			compatibilityVersion = "Xcode 3.2";
			developmentRegion = English;
			hasScannedForEncodings = 0;
			knownRegions = (
				en,
				Base,
			);
			mainGroup = 544F05541BA305CD00AC1BBD;
			productRefGroup = 544F055E1BA305CD00AC1BBD /* Products */;
			projectDirPath = "";
			projectRoot = "";
			targets = (
				544F055C1BA305CD00AC1BBD /* WaveAttack */,
				544F05741BA305CD00AC1BBD /* WaveAttackTests */,
				544F057F1BA305CD00AC1BBD /* WaveAttackUITests */,
			);
		};
/* End PBXProject section */

/* Begin PBXResourcesBuildPhase section */
		544F055B1BA305CD00AC1BBD /* Resources */ = {
			isa = PBXResourcesBuildPhase;
			buildActionMask = 2147483647;
			files = (
				54934F621C03A99800797C8C /* using.png in Resources */,
				549D82C01BE33C3800907150 /* sky.png in Resources */,
				54934F3E1C01AFC700797C8C /* atkBtn.png in Resources */,
				54934F3C1C01A2A200797C8C /* Spark.sks in Resources */,
				5420A5E41BC01915000F2E14 /* beams.png in Resources */,
				54E090721BF25C590055D5F9 /* menuBack.png in Resources */,
				54934F5E1C0398BF00797C8C /* barrier.png in Resources */,
				54934F601C03A46200797C8C /* teamBorder.png in Resources */,
				54D6A2081BE7E3D500B23C65 /* greenSlime.png in Resources */,
				5491891E1BFB6218004764E4 /* Smoke.sks in Resources */,
				54934F361C01297A00797C8C /* attack.png in Resources */,
				54BEFBC91BF9DA5A00DAFA05 /* ground.png in Resources */,
				548A6D231C04EC9D00A4F42E /* 45arrow.png in Resources */,
				54E7D3261BEA4B1F00C6EA57 /* Hit.png in Resources */,
				54934F321C00ED8F00797C8C /* alien1.png in Resources */,
				54E7D3241BEA05D300C6EA57 /* packet.png in Resources */,
				54BBD93F1BD7E0C700BAFFA2 /* ch01.png in Resources */,
				54EDF1C11BFBAEB700671C07 /* strangeEybal.png in Resources */,
				549D82C81BE7535E00907150 /* YellowMonster.png in Resources */,
				541285501BA548E700EB4A05 /* GameScene.sks in Resources */,
				54D6A1FD1BE7BCD600B23C65 /* waveBtn.png in Resources */,
				544F056F1BA305CD00AC1BBD /* LaunchScreen.storyboard in Resources */,
				544B60E91BCA22710064B8AE /* characters.json in Resources */,
				54934F2F1C00EC7300797C8C /* door.png in Resources */,
				54934F4A1C01E65800797C8C /* announcement.png in Resources */,
				54E090701BF259610055D5F9 /* mainBack.png in Resources */,
				54934F461C01BD5F00797C8C /* increaseHp.png in Resources */,
				54E7D32F1BEA726C00C6EA57 /* mission2.json in Resources */,
				548A6D1F1C04E96500A4F42E /* MeterFIre.sks in Resources */,
				548A6D181C04706900A4F42E /* numUp.png in Resources */,
				5420A5D81BBE7112000F2E14 /* Snail.png in Resources */,
				544F056C1BA305CD00AC1BBD /* Assets.xcassets in Resources */,
				549D82C41BE74E1700907150 /* Burnt Coal Ashes Tiling.png in Resources */,
				54D6A20A1BE7E3D500B23C65 /* purpleSlime.png in Resources */,
				54934F301C00EC7300797C8C /* gun.png in Resources */,
				548A6D1D1C04E10000A4F42E /* rock.png in Resources */,
				544F056A1BA305CD00AC1BBD /* Main.storyboard in Resources */,
				54EDF1CB1BFF607700671C07 /* Baby_Dragon.png in Resources */,
				54EDF1BE1BFB72E100671C07 /* Blood.sks in Resources */,
				549189211BFB623C004764E4 /* Fire.sks in Resources */,
				549D82C21BE33CA400907150 /* DaytimeSky.png in Resources */,
				54D6A2071BE7E3D500B23C65 /* blueSlime.png in Resources */,
				5433C32A1BF4FEBD00C87116 /* building.png in Resources */,
				54F8D8901BB05444009E9654 /* mission1.json in Resources */,
				5420A5E91BC04935000F2E14 /* Oval.png in Resources */,
				54D6A1FB1BE7B80100B23C65 /* UIBackground.png in Resources */,
				54934F451C01BD5F00797C8C /* decreaseHp.png in Resources */,
				54BEFBB41BF63B0100DAFA05 /* building_0001_1.png in Resources */,
				54D6A1FF1BE7D5E400B23C65 /* clock.png in Resources */,
				54D6A20C1BE7E3D500B23C65 /* yellowSlime.png in Resources */,
				54BEFBC71BF77CCA00DAFA05 /* human_full.png in Resources */,
				54934F541C03829E00797C8C /* border.png in Resources */,
				54553E3C1BA6FE9200A38B18 /* box.png in Resources */,
				5491891F1BFB6218004764E4 /* spark.png in Resources */,
				54BEFBC41BF7581F00DAFA05 /* human_down.png in Resources */,
				548A6D191C04706900A4F42E /* timeDown.png in Resources */,
				54934F3A1C01A22100797C8C /* EnergyFire.sks in Resources */,
				54BEFBC51BF7581F00DAFA05 /* human_up.png in Resources */,
				54D6A20B1BE7E3D500B23C65 /* redSlime.png in Resources */,
				54BEFBB31BF63B0100DAFA05 /* building_0000_2.png in Resources */,
				5420A60D1BC572E5000F2E14 /* crack.png in Resources */,
				54F8D8981BB1D943009E9654 /* redbar.png in Resources */,
			);
			runOnlyForDeploymentPostprocessing = 0;
		};
		544F05731BA305CD00AC1BBD /* Resources */ = {
			isa = PBXResourcesBuildPhase;
			buildActionMask = 2147483647;
			files = (
			);
			runOnlyForDeploymentPostprocessing = 0;
		};
		544F057E1BA305CD00AC1BBD /* Resources */ = {
			isa = PBXResourcesBuildPhase;
			buildActionMask = 2147483647;
			files = (
			);
			runOnlyForDeploymentPostprocessing = 0;
		};
/* End PBXResourcesBuildPhase section */

/* Begin PBXSourcesBuildPhase section */
		544F05591BA305CD00AC1BBD /* Sources */ = {
			isa = PBXSourcesBuildPhase;
			buildActionMask = 2147483647;
			files = (
				549D82AA1BDA3F5D00907150 /* Air.swift in Sources */,
				54934F5C1C038EA700797C8C /* Barrier.swift in Sources */,
				54BEFBD11BFA259700DAFA05 /* Enterable.swift in Sources */,
				544B60E81BCA22710064B8AE /* CharacterManager.swift in Sources */,
				54A55BAD1BBA9B1F0039D744 /* Player.swift in Sources */,
				5420A5EC1BC05206000F2E14 /* Skill.swift in Sources */,
				546F54131BA32DE400EB576B /* NormalEnergyPacket.swift in Sources */,
				54553E2C1BA57B6200A38B18 /* GameLayer.swift in Sources */,
				544B60EB1BCA22710064B8AE /* MathHelper.swift in Sources */,
				544B60EC1BCA22710064B8AE /* PointerHelper.swift in Sources */,
				54553E321BA5C3A900A38B18 /* CustomSKNode.swift in Sources */,
				5420A6061BC404E0000F2E14 /* ResultUI.swift in Sources */,
				54BBD9281BD7CEB300BAFFA2 /* Team+CoreDataProperties.swift in Sources */,
				54A611921BA81EEC009299A6 /* Reflectable.swift in Sources */,
				5F71B6A51BDA0144002F49B5 /* Interactable.swift in Sources */,
				54D44C181BD765DD00B24EE6 /* Model.xcdatamodeld in Sources */,
				544B60F11BCA22710064B8AE /* WaveFactory.swift in Sources */,
				54553E351BA6F3F700A38B18 /* Extension.swift in Sources */,
				5F71B6AA1BDCAB3D002F49B5 /* TransitableScene.swift in Sources */,
				549D82B01BDFCBA100907150 /* MissionScene.swift in Sources */,
				54F8D8961BB1D29B009E9654 /* HpBar.swift in Sources */,
				548A6D211C04EA1C00A4F42E /* MeterSkill.swift in Sources */,
				54BBD9431BD94DFB00BAFFA2 /* TimerUI.swift in Sources */,
				5474C5641BA321A30015C861 /* GameObject.swift in Sources */,
				5420A5E21BBEF1AB000F2E14 /* Event.swift in Sources */,
				549D82CA1BE79C4500907150 /* HpLabel.swift in Sources */,
				5420A6041BC38542000F2E14 /* ActRoundLabel.swift in Sources */,
				54BBD93C1BD7DF5200BAFFA2 /* OwnedCharacter+CoreDataProperties.swift in Sources */,
				5491890D1BFB4FCB004764E4 /* ScoreLabel.swift in Sources */,
				547322E41BF0962900FC2925 /* HealSkill.swift in Sources */,
				54E7D32A1BEA65EE00C6EA57 /* PassedMission+CoreDataProperties.swift in Sources */,
				54BBD9291BD7CEB300BAFFA2 /* Team.swift in Sources */,
				5420A60F1BC589A8000F2E14 /* TextureTools.swift in Sources */,
				544B60F01BCA22710064B8AE /* Wave.swift in Sources */,
				5F411C1A1BD771DF0003B89D /* CharacterButton.swift in Sources */,
				544B60EA1BCA22710064B8AE /* JSONHelper.swift in Sources */,
				5420A5DE1BBE75AE000F2E14 /* DirectAttack.swift in Sources */,
				54BBD9411BD7F9ED00BAFFA2 /* NotifyNextRound.swift in Sources */,
				5F01C9EC1BD4A8850003C711 /* SkillManager.swift in Sources */,
				5F01C9F41BD4AE8D0003C711 /* TeamScene.swift in Sources */,
				544B60F41BCA4A8E0064B8AE /* UIWaveButton.swift in Sources */,
				544B60EE1BCA22710064B8AE /* UINode.swift in Sources */,
				54934F5A1C038AB200797C8C /* ContactListener.swift in Sources */,
				54F8D8921BB05719009E9654 /* Mission.swift in Sources */,
				5474C5661BA3242E0015C861 /* EnergyPacket.swift in Sources */,
				5F71B6AC1BDCEEBA002F49B5 /* BackButton.swift in Sources */,
				54EDF1C51BFBB25F00671C07 /* EyeBallMan.swift in Sources */,
				54934F381C012C5200797C8C /* StoringPowerBallUI.swift in Sources */,
				5433C31B1BF4F1E300C87116 /* Human.swift in Sources */,
				54BEFBCB1BFA0B4B00DAFA05 /* SpawnPoint.swift in Sources */,
				549D82AE1BDF76A500907150 /* MainMenu.swift in Sources */,
				546F54151BA32E1F00EB576B /* Refractable.swift in Sources */,
				54BEFBCF1BFA1A6200DAFA05 /* SmallObject.swift in Sources */,
				54F8D8941BB05879009E9654 /* SubMission.swift in Sources */,
				544F05651BA305CD00AC1BBD /* GameScene.swift in Sources */,
				54553E371BA6FCD400A38B18 /* DestructibleObject.swift in Sources */,
				54934F4E1C0218FA00797C8C /* DoubleAttackSkill.swift in Sources */,
				54BEFBCD1BFA122E00DAFA05 /* Spawnable.swift in Sources */,
				54EDF1C91BFF5FE400671C07 /* BadyDragon.swift in Sources */,
				54D44C241BD7661C00B24EE6 /* PlayerInfo+CoreDataProperties.swift in Sources */,
				5420A6131BC6F322000F2E14 /* Clickable.swift in Sources */,
				54EDF1C31BFBB12E00671C07 /* Enemy.swift in Sources */,
				54BEFBD31BFA26DF00DAFA05 /* TargetPoint.swift in Sources */,
				549D82B21BDFD18500907150 /* DraggableNode.swift in Sources */,
				54553E2E1BA5BEC100A38B18 /* Medium.swift in Sources */,
				54934F501C02265600797C8C /* SpeedChargingSkill.swift in Sources */,
				549D82B41BE211ED00907150 /* MissionButton.swift in Sources */,
				5F71B6A81BDA2429002F49B5 /* CharScene.swift in Sources */,
				54EDF1C71BFBB44200671C07 /* SmallMovableObject.swift in Sources */,
				54D44C201BD7660F00B24EE6 /* MainMenuController.swift in Sources */,
				54934F341C00F68300797C8C /* WaveGeneratorUI.swift in Sources */,
				54D44C1C1BD765F700B24EE6 /* MissionsController.swift in Sources */,
				544B60E71BCA22710064B8AE /* Character.swift in Sources */,
				548A6D1B1C04DF7400A4F42E /* Meterorolite.swift in Sources */,
				54BBD93D1BD7DF5200BAFFA2 /* OwnedCharacter.swift in Sources */,
				54A55BAB1BBA97A70039D744 /* InfoLayer.swift in Sources */,
				54F8D8891BB04271009E9654 /* GameObjectFactory.swift in Sources */,
				54934F561C0388F500797C8C /* BarrierSkill.swift in Sources */,
				54EDF1CF1C00783A00671C07 /* TripleBulletAttack.swift in Sources */,
				54D44C1E1BD7660300B24EE6 /* ConfirmWindow.swift in Sources */,
				54E090761BF3976E0055D5F9 /* Ground.swift in Sources */,
				54EDF1CD1BFF77FC00671C07 /* AnimateHelper.swift in Sources */,
				5420A5E01BBE75C0000F2E14 /* EnemyAction.swift in Sources */,
				54E090741BF270740055D5F9 /* FrameTimer.swift in Sources */,
				54E7D32B1BEA65EE00C6EA57 /* PassedMission.swift in Sources */,
				544B60ED1BCA22710064B8AE /* UICharacterButton.swift in Sources */,
				54BEFB9D1BF5E42A00DAFA05 /* Building.swift in Sources */,
				544F05671BA305CD00AC1BBD /* GameViewController.swift in Sources */,
				54934F4C1C01E6AB00797C8C /* AnnouncementUI.swift in Sources */,
				54D44C231BD7661C00B24EE6 /* PlayerInfo.swift in Sources */,
				544F05611BA305CD00AC1BBD /* AppDelegate.swift in Sources */,
				5491890B1BFB3C9E004764E4 /* ScoreFlashMsg.swift in Sources */,
				5F411C181BD771C10003B89D /* CharacterSlot.swift in Sources */,
				54A611941BA8212C009299A6 /* Cloneable.swift in Sources */,
				54E7D32D1BEA665E00C6EA57 /* CoreDataExtension.swift in Sources */,
				5420A6111BC6747E000F2E14 /* ButtonUI.swift in Sources */,
			);
			runOnlyForDeploymentPostprocessing = 0;
		};
		544F05711BA305CD00AC1BBD /* Sources */ = {
			isa = PBXSourcesBuildPhase;
			buildActionMask = 2147483647;
			files = (
				544F057A1BA305CD00AC1BBD /* WaveAttackTests.swift in Sources */,
			);
			runOnlyForDeploymentPostprocessing = 0;
		};
		544F057C1BA305CD00AC1BBD /* Sources */ = {
			isa = PBXSourcesBuildPhase;
			buildActionMask = 2147483647;
			files = (
				544F05851BA305CD00AC1BBD /* WaveAttackUITests.swift in Sources */,
			);
			runOnlyForDeploymentPostprocessing = 0;
		};
/* End PBXSourcesBuildPhase section */

/* Begin PBXTargetDependency section */
		544F05771BA305CD00AC1BBD /* PBXTargetDependency */ = {
			isa = PBXTargetDependency;
			target = 544F055C1BA305CD00AC1BBD /* WaveAttack */;
			targetProxy = 544F05761BA305CD00AC1BBD /* PBXContainerItemProxy */;
		};
		544F05821BA305CD00AC1BBD /* PBXTargetDependency */ = {
			isa = PBXTargetDependency;
			target = 544F055C1BA305CD00AC1BBD /* WaveAttack */;
			targetProxy = 544F05811BA305CD00AC1BBD /* PBXContainerItemProxy */;
		};
/* End PBXTargetDependency section */

/* Begin PBXVariantGroup section */
		544F05681BA305CD00AC1BBD /* Main.storyboard */ = {
			isa = PBXVariantGroup;
			children = (
				544F05691BA305CD00AC1BBD /* Base */,
			);
			name = Main.storyboard;
			sourceTree = "<group>";
		};
		544F056D1BA305CD00AC1BBD /* LaunchScreen.storyboard */ = {
			isa = PBXVariantGroup;
			children = (
				544F056E1BA305CD00AC1BBD /* Base */,
			);
			name = LaunchScreen.storyboard;
			sourceTree = "<group>";
		};
/* End PBXVariantGroup section */

/* Begin XCBuildConfiguration section */
		544F05871BA305CD00AC1BBD /* Debug */ = {
			isa = XCBuildConfiguration;
			buildSettings = {
				ALWAYS_SEARCH_USER_PATHS = NO;
				CLANG_CXX_LANGUAGE_STANDARD = "gnu++0x";
				CLANG_CXX_LIBRARY = "libc++";
				CLANG_ENABLE_MODULES = YES;
				CLANG_ENABLE_OBJC_ARC = YES;
				CLANG_WARN_BOOL_CONVERSION = YES;
				CLANG_WARN_CONSTANT_CONVERSION = YES;
				CLANG_WARN_DIRECT_OBJC_ISA_USAGE = YES_ERROR;
				CLANG_WARN_EMPTY_BODY = YES;
				CLANG_WARN_ENUM_CONVERSION = YES;
				CLANG_WARN_INT_CONVERSION = YES;
				CLANG_WARN_OBJC_ROOT_CLASS = YES_ERROR;
				CLANG_WARN_UNREACHABLE_CODE = YES;
				CLANG_WARN__DUPLICATE_METHOD_MATCH = YES;
				"CODE_SIGN_IDENTITY[sdk=iphoneos*]" = "iPhone Developer";
				COPY_PHASE_STRIP = NO;
				DEBUG_INFORMATION_FORMAT = dwarf;
				ENABLE_STRICT_OBJC_MSGSEND = YES;
				ENABLE_TESTABILITY = YES;
				GCC_C_LANGUAGE_STANDARD = gnu99;
				GCC_DYNAMIC_NO_PIC = NO;
				GCC_NO_COMMON_BLOCKS = YES;
				GCC_OPTIMIZATION_LEVEL = 0;
				GCC_PREPROCESSOR_DEFINITIONS = (
					"DEBUG=1",
					"$(inherited)",
				);
				GCC_WARN_64_TO_32_BIT_CONVERSION = YES;
				GCC_WARN_ABOUT_RETURN_TYPE = YES_ERROR;
				GCC_WARN_UNDECLARED_SELECTOR = YES;
				GCC_WARN_UNINITIALIZED_AUTOS = YES_AGGRESSIVE;
				GCC_WARN_UNUSED_FUNCTION = YES;
				GCC_WARN_UNUSED_VARIABLE = YES;
				IPHONEOS_DEPLOYMENT_TARGET = 9.0;
				MTL_ENABLE_DEBUG_INFO = YES;
				ONLY_ACTIVE_ARCH = YES;
				SDKROOT = iphoneos;
				SWIFT_OPTIMIZATION_LEVEL = "-Onone";
			};
			name = Debug;
		};
		544F05881BA305CD00AC1BBD /* Release */ = {
			isa = XCBuildConfiguration;
			buildSettings = {
				ALWAYS_SEARCH_USER_PATHS = NO;
				CLANG_CXX_LANGUAGE_STANDARD = "gnu++0x";
				CLANG_CXX_LIBRARY = "libc++";
				CLANG_ENABLE_MODULES = YES;
				CLANG_ENABLE_OBJC_ARC = YES;
				CLANG_WARN_BOOL_CONVERSION = YES;
				CLANG_WARN_CONSTANT_CONVERSION = YES;
				CLANG_WARN_DIRECT_OBJC_ISA_USAGE = YES_ERROR;
				CLANG_WARN_EMPTY_BODY = YES;
				CLANG_WARN_ENUM_CONVERSION = YES;
				CLANG_WARN_INT_CONVERSION = YES;
				CLANG_WARN_OBJC_ROOT_CLASS = YES_ERROR;
				CLANG_WARN_UNREACHABLE_CODE = YES;
				CLANG_WARN__DUPLICATE_METHOD_MATCH = YES;
				"CODE_SIGN_IDENTITY[sdk=iphoneos*]" = "iPhone Developer";
				COPY_PHASE_STRIP = NO;
				DEBUG_INFORMATION_FORMAT = "dwarf-with-dsym";
				ENABLE_NS_ASSERTIONS = NO;
				ENABLE_STRICT_OBJC_MSGSEND = YES;
				GCC_C_LANGUAGE_STANDARD = gnu99;
				GCC_NO_COMMON_BLOCKS = YES;
				GCC_WARN_64_TO_32_BIT_CONVERSION = YES;
				GCC_WARN_ABOUT_RETURN_TYPE = YES_ERROR;
				GCC_WARN_UNDECLARED_SELECTOR = YES;
				GCC_WARN_UNINITIALIZED_AUTOS = YES_AGGRESSIVE;
				GCC_WARN_UNUSED_FUNCTION = YES;
				GCC_WARN_UNUSED_VARIABLE = YES;
				IPHONEOS_DEPLOYMENT_TARGET = 9.0;
				MTL_ENABLE_DEBUG_INFO = NO;
				SDKROOT = iphoneos;
				VALIDATE_PRODUCT = YES;
			};
			name = Release;
		};
		544F058A1BA305CD00AC1BBD /* Debug */ = {
			isa = XCBuildConfiguration;
			buildSettings = {
				ASSETCATALOG_COMPILER_APPICON_NAME = AppIcon;
				CODE_SIGN_IDENTITY = "iPhone Developer";
				"CODE_SIGN_IDENTITY[sdk=iphoneos*]" = "iPhone Developer";
				INFOPLIST_FILE = WaveAttack/Info.plist;
				IPHONEOS_DEPLOYMENT_TARGET = 8.3;
				LD_RUNPATH_SEARCH_PATHS = "$(inherited) @executable_path/Frameworks";
				PRODUCT_BUNDLE_IDENTIFIER = com.cs.WaveAttack;
				PRODUCT_NAME = "$(TARGET_NAME)";
				PROVISIONING_PROFILE = "";
				TARGETED_DEVICE_FAMILY = "1,2";
			};
			name = Debug;
		};
		544F058B1BA305CD00AC1BBD /* Release */ = {
			isa = XCBuildConfiguration;
			buildSettings = {
				ASSETCATALOG_COMPILER_APPICON_NAME = AppIcon;
				CODE_SIGN_IDENTITY = "iPhone Developer";
				"CODE_SIGN_IDENTITY[sdk=iphoneos*]" = "iPhone Developer";
				INFOPLIST_FILE = WaveAttack/Info.plist;
				IPHONEOS_DEPLOYMENT_TARGET = 8.3;
				LD_RUNPATH_SEARCH_PATHS = "$(inherited) @executable_path/Frameworks";
				PRODUCT_BUNDLE_IDENTIFIER = com.cs.WaveAttack;
				PRODUCT_NAME = "$(TARGET_NAME)";
				PROVISIONING_PROFILE = "";
				TARGETED_DEVICE_FAMILY = "1,2";
			};
			name = Release;
		};
		544F058D1BA305CD00AC1BBD /* Debug */ = {
			isa = XCBuildConfiguration;
			buildSettings = {
				BUNDLE_LOADER = "$(TEST_HOST)";
				INFOPLIST_FILE = WaveAttackTests/Info.plist;
				LD_RUNPATH_SEARCH_PATHS = "$(inherited) @executable_path/Frameworks @loader_path/Frameworks";
				PRODUCT_BUNDLE_IDENTIFIER = com.cs.WaveAttackTests;
				PRODUCT_NAME = "$(TARGET_NAME)";
				TEST_HOST = "$(BUILT_PRODUCTS_DIR)/WaveAttack.app/WaveAttack";
			};
			name = Debug;
		};
		544F058E1BA305CD00AC1BBD /* Release */ = {
			isa = XCBuildConfiguration;
			buildSettings = {
				BUNDLE_LOADER = "$(TEST_HOST)";
				INFOPLIST_FILE = WaveAttackTests/Info.plist;
				LD_RUNPATH_SEARCH_PATHS = "$(inherited) @executable_path/Frameworks @loader_path/Frameworks";
				PRODUCT_BUNDLE_IDENTIFIER = com.cs.WaveAttackTests;
				PRODUCT_NAME = "$(TARGET_NAME)";
				TEST_HOST = "$(BUILT_PRODUCTS_DIR)/WaveAttack.app/WaveAttack";
			};
			name = Release;
		};
		544F05901BA305CD00AC1BBD /* Debug */ = {
			isa = XCBuildConfiguration;
			buildSettings = {
				INFOPLIST_FILE = WaveAttackUITests/Info.plist;
				LD_RUNPATH_SEARCH_PATHS = "$(inherited) @executable_path/Frameworks @loader_path/Frameworks";
				PRODUCT_BUNDLE_IDENTIFIER = com.cs.WaveAttackUITests;
				PRODUCT_NAME = "$(TARGET_NAME)";
				TEST_TARGET_NAME = WaveAttack;
				USES_XCTRUNNER = YES;
			};
			name = Debug;
		};
		544F05911BA305CD00AC1BBD /* Release */ = {
			isa = XCBuildConfiguration;
			buildSettings = {
				INFOPLIST_FILE = WaveAttackUITests/Info.plist;
				LD_RUNPATH_SEARCH_PATHS = "$(inherited) @executable_path/Frameworks @loader_path/Frameworks";
				PRODUCT_BUNDLE_IDENTIFIER = com.cs.WaveAttackUITests;
				PRODUCT_NAME = "$(TARGET_NAME)";
				TEST_TARGET_NAME = WaveAttack;
				USES_XCTRUNNER = YES;
			};
			name = Release;
		};
/* End XCBuildConfiguration section */

/* Begin XCConfigurationList section */
		544F05581BA305CD00AC1BBD /* Build configuration list for PBXProject "WaveAttack" */ = {
			isa = XCConfigurationList;
			buildConfigurations = (
				544F05871BA305CD00AC1BBD /* Debug */,
				544F05881BA305CD00AC1BBD /* Release */,
			);
			defaultConfigurationIsVisible = 0;
			defaultConfigurationName = Release;
		};
		544F05891BA305CD00AC1BBD /* Build configuration list for PBXNativeTarget "WaveAttack" */ = {
			isa = XCConfigurationList;
			buildConfigurations = (
				544F058A1BA305CD00AC1BBD /* Debug */,
				544F058B1BA305CD00AC1BBD /* Release */,
			);
			defaultConfigurationIsVisible = 0;
			defaultConfigurationName = Release;
		};
		544F058C1BA305CD00AC1BBD /* Build configuration list for PBXNativeTarget "WaveAttackTests" */ = {
			isa = XCConfigurationList;
			buildConfigurations = (
				544F058D1BA305CD00AC1BBD /* Debug */,
				544F058E1BA305CD00AC1BBD /* Release */,
			);
			defaultConfigurationIsVisible = 0;
			defaultConfigurationName = Release;
		};
		544F058F1BA305CD00AC1BBD /* Build configuration list for PBXNativeTarget "WaveAttackUITests" */ = {
			isa = XCConfigurationList;
			buildConfigurations = (
				544F05901BA305CD00AC1BBD /* Debug */,
				544F05911BA305CD00AC1BBD /* Release */,
			);
			defaultConfigurationIsVisible = 0;
			defaultConfigurationName = Release;
		};
/* End XCConfigurationList section */

/* Begin XCVersionGroup section */
		54D44C161BD765DD00B24EE6 /* Model.xcdatamodeld */ = {
			isa = XCVersionGroup;
			children = (
				54D44C171BD765DD00B24EE6 /* Model.xcdatamodel */,
			);
			currentVersion = 54D44C171BD765DD00B24EE6 /* Model.xcdatamodel */;
			path = Model.xcdatamodeld;
			sourceTree = "<group>";
			versionGroupType = wrapper.xcdatamodel;
		};
/* End XCVersionGroup section */
	};
	rootObject = 544F05551BA305CD00AC1BBD /* Project object */;
}
